// !$*UTF8*$!
{
	archiveVersion = 1;
	classes = {
	};
	objectVersion = 56;
	objects = {

/* Begin PBXBuildFile section */
		CE8E69B72BC46732009A6899 /* RMImageLoader.swift in Sources */ = {isa = PBXBuildFile; fileRef = CE8E69B62BC46732009A6899 /* RMImageLoader.swift */; };
		CEBC85842BBBD8D700CE7288 /* AppDelegate.swift in Sources */ = {isa = PBXBuildFile; fileRef = CEBC85832BBBD8D700CE7288 /* AppDelegate.swift */; };
		CEBC85862BBBD8D700CE7288 /* SceneDelegate.swift in Sources */ = {isa = PBXBuildFile; fileRef = CEBC85852BBBD8D700CE7288 /* SceneDelegate.swift */; };
		CEBC85882BBBD8D700CE7288 /* RMTabViewController.swift in Sources */ = {isa = PBXBuildFile; fileRef = CEBC85872BBBD8D700CE7288 /* RMTabViewController.swift */; };
		CEBC858D2BBBD8D800CE7288 /* Assets.xcassets in Resources */ = {isa = PBXBuildFile; fileRef = CEBC858C2BBBD8D800CE7288 /* Assets.xcassets */; };
		CEBC85902BBBD8D800CE7288 /* Base in Resources */ = {isa = PBXBuildFile; fileRef = CEBC858F2BBBD8D800CE7288 /* Base */; };
		CEBC859F2BBBDC2A00CE7288 /* RMLocation.swift in Sources */ = {isa = PBXBuildFile; fileRef = CEBC859E2BBBDC2A00CE7288 /* RMLocation.swift */; };
		CEBC85A12BBBDC5200CE7288 /* RMCharacter.swift in Sources */ = {isa = PBXBuildFile; fileRef = CEBC85A02BBBDC5200CE7288 /* RMCharacter.swift */; };
		CEBC85A32BBBDC5F00CE7288 /* RMEpisode.swift in Sources */ = {isa = PBXBuildFile; fileRef = CEBC85A22BBBDC5F00CE7288 /* RMEpisode.swift */; };
		CEBC85A62BBBDCE500CE7288 /* RMCharacterViewController.swift in Sources */ = {isa = PBXBuildFile; fileRef = CEBC85A52BBBDCE500CE7288 /* RMCharacterViewController.swift */; };
		CEBC85A82BBBDCEE00CE7288 /* RMLocationViewController.swift in Sources */ = {isa = PBXBuildFile; fileRef = CEBC85A72BBBDCEE00CE7288 /* RMLocationViewController.swift */; };
		CEBC85AA2BBBDD0500CE7288 /* RMEpisodeViewController.swift in Sources */ = {isa = PBXBuildFile; fileRef = CEBC85A92BBBDD0500CE7288 /* RMEpisodeViewController.swift */; };
		CEBC85AC2BBBDDBD00CE7288 /* RMSettingsViewController.swift in Sources */ = {isa = PBXBuildFile; fileRef = CEBC85AB2BBBDDBD00CE7288 /* RMSettingsViewController.swift */; };
		CEBC85AE2BBC624B00CE7288 /* RMService.swift in Sources */ = {isa = PBXBuildFile; fileRef = CEBC85AD2BBC624B00CE7288 /* RMService.swift */; };
		CEBC85B02BBC626300CE7288 /* RMRequest.swift in Sources */ = {isa = PBXBuildFile; fileRef = CEBC85AF2BBC626300CE7288 /* RMRequest.swift */; };
		CEBC85B22BBC634E00CE7288 /* RMEndpoint.swift in Sources */ = {isa = PBXBuildFile; fileRef = CEBC85B12BBC634E00CE7288 /* RMEndpoint.swift */; };
		CEBC85B42BBC69F200CE7288 /* RMOrigin.swift in Sources */ = {isa = PBXBuildFile; fileRef = CEBC85B32BBC69F200CE7288 /* RMOrigin.swift */; };
		CEBC85B62BBC6A8E00CE7288 /* RMSingleLocation.swift in Sources */ = {isa = PBXBuildFile; fileRef = CEBC85B52BBC6A8E00CE7288 /* RMSingleLocation.swift */; };
		CEBC85B82BBC6C4200CE7288 /* RMCharacterStatus.swift in Sources */ = {isa = PBXBuildFile; fileRef = CEBC85B72BBC6C4200CE7288 /* RMCharacterStatus.swift */; };
		CEBC85BB2BBC6C8500CE7288 /* RMCharacterGender.swift in Sources */ = {isa = PBXBuildFile; fileRef = CEBC85BA2BBC6C8500CE7288 /* RMCharacterGender.swift */; };
		CEBC85C02BBC80AA00CE7288 /* RMGetAllCharactersResponse.swift in Sources */ = {isa = PBXBuildFile; fileRef = CEBC85BF2BBC80AA00CE7288 /* RMGetAllCharactersResponse.swift */; };
		CEBC85C22BBDC35600CE7288 /* RMCharacterListViewViewModel.swift in Sources */ = {isa = PBXBuildFile; fileRef = CEBC85C12BBDC35600CE7288 /* RMCharacterListViewViewModel.swift */; };
		CEBC85C42BBDC41000CE7288 /* RMCharacterListView.swift in Sources */ = {isa = PBXBuildFile; fileRef = CEBC85C32BBDC41000CE7288 /* RMCharacterListView.swift */; };
		CEBC85C62BBDC87900CE7288 /* Extensions.swift in Sources */ = {isa = PBXBuildFile; fileRef = CEBC85C52BBDC87900CE7288 /* Extensions.swift */; };
		CEFA45782BBEF9D000D2F33A /* RMCharacterCollectionViewCell.swift in Sources */ = {isa = PBXBuildFile; fileRef = CEFA45772BBEF9D000D2F33A /* RMCharacterCollectionViewCell.swift */; };
		CEFA457A2BBEFBB100D2F33A /* RMCharacterCollectionViewCellViewModel.swift in Sources */ = {isa = PBXBuildFile; fileRef = CEFA45792BBEFBB100D2F33A /* RMCharacterCollectionViewCellViewModel.swift */; };
		CEFA457D2BBF21F000D2F33A /* RMCharacterDetailViewController.swift in Sources */ = {isa = PBXBuildFile; fileRef = CEFA457C2BBF21F000D2F33A /* RMCharacterDetailViewController.swift */; };
		CEFA457F2BBF228300D2F33A /* RMCharacterDetailView.swift in Sources */ = {isa = PBXBuildFile; fileRef = CEFA457E2BBF228300D2F33A /* RMCharacterDetailView.swift */; };
		CEFA45812BBF229900D2F33A /* RMCharacterDetailViewViewModel.swift in Sources */ = {isa = PBXBuildFile; fileRef = CEFA45802BBF229900D2F33A /* RMCharacterDetailViewViewModel.swift */; };
		CEFA45832BBF26C200D2F33A /* RMFooterLoadingCollectionReusableView.swift in Sources */ = {isa = PBXBuildFile; fileRef = CEFA45822BBF26C200D2F33A /* RMFooterLoadingCollectionReusableView.swift */; };
/* End PBXBuildFile section */

/* Begin PBXFileReference section */
		CE8E69B62BC46732009A6899 /* RMImageLoader.swift */ = {isa = PBXFileReference; lastKnownFileType = sourcecode.swift; path = RMImageLoader.swift; sourceTree = "<group>"; };
		CEBC85802BBBD8D700CE7288 /* RickAndMorty.app */ = {isa = PBXFileReference; explicitFileType = wrapper.application; includeInIndex = 0; path = RickAndMorty.app; sourceTree = BUILT_PRODUCTS_DIR; };
		CEBC85832BBBD8D700CE7288 /* AppDelegate.swift */ = {isa = PBXFileReference; lastKnownFileType = sourcecode.swift; path = AppDelegate.swift; sourceTree = "<group>"; };
		CEBC85852BBBD8D700CE7288 /* SceneDelegate.swift */ = {isa = PBXFileReference; lastKnownFileType = sourcecode.swift; path = SceneDelegate.swift; sourceTree = "<group>"; };
		CEBC85872BBBD8D700CE7288 /* RMTabViewController.swift */ = {isa = PBXFileReference; lastKnownFileType = sourcecode.swift; path = RMTabViewController.swift; sourceTree = "<group>"; };
		CEBC858C2BBBD8D800CE7288 /* Assets.xcassets */ = {isa = PBXFileReference; lastKnownFileType = folder.assetcatalog; path = Assets.xcassets; sourceTree = "<group>"; };
		CEBC858F2BBBD8D800CE7288 /* Base */ = {isa = PBXFileReference; lastKnownFileType = file.storyboard; name = Base; path = Base.lproj/LaunchScreen.storyboard; sourceTree = "<group>"; };
		CEBC85912BBBD8D800CE7288 /* Info.plist */ = {isa = PBXFileReference; lastKnownFileType = text.plist.xml; path = Info.plist; sourceTree = "<group>"; };
		CEBC859E2BBBDC2A00CE7288 /* RMLocation.swift */ = {isa = PBXFileReference; lastKnownFileType = sourcecode.swift; path = RMLocation.swift; sourceTree = "<group>"; };
		CEBC85A02BBBDC5200CE7288 /* RMCharacter.swift */ = {isa = PBXFileReference; lastKnownFileType = sourcecode.swift; path = RMCharacter.swift; sourceTree = "<group>"; };
		CEBC85A22BBBDC5F00CE7288 /* RMEpisode.swift */ = {isa = PBXFileReference; lastKnownFileType = sourcecode.swift; path = RMEpisode.swift; sourceTree = "<group>"; };
		CEBC85A52BBBDCE500CE7288 /* RMCharacterViewController.swift */ = {isa = PBXFileReference; lastKnownFileType = sourcecode.swift; path = RMCharacterViewController.swift; sourceTree = "<group>"; };
		CEBC85A72BBBDCEE00CE7288 /* RMLocationViewController.swift */ = {isa = PBXFileReference; lastKnownFileType = sourcecode.swift; path = RMLocationViewController.swift; sourceTree = "<group>"; };
		CEBC85A92BBBDD0500CE7288 /* RMEpisodeViewController.swift */ = {isa = PBXFileReference; lastKnownFileType = sourcecode.swift; path = RMEpisodeViewController.swift; sourceTree = "<group>"; };
		CEBC85AB2BBBDDBD00CE7288 /* RMSettingsViewController.swift */ = {isa = PBXFileReference; lastKnownFileType = sourcecode.swift; path = RMSettingsViewController.swift; sourceTree = "<group>"; };
		CEBC85AD2BBC624B00CE7288 /* RMService.swift */ = {isa = PBXFileReference; lastKnownFileType = sourcecode.swift; path = RMService.swift; sourceTree = "<group>"; };
		CEBC85AF2BBC626300CE7288 /* RMRequest.swift */ = {isa = PBXFileReference; lastKnownFileType = sourcecode.swift; path = RMRequest.swift; sourceTree = "<group>"; };
		CEBC85B12BBC634E00CE7288 /* RMEndpoint.swift */ = {isa = PBXFileReference; lastKnownFileType = sourcecode.swift; path = RMEndpoint.swift; sourceTree = "<group>"; };
		CEBC85B32BBC69F200CE7288 /* RMOrigin.swift */ = {isa = PBXFileReference; lastKnownFileType = sourcecode.swift; path = RMOrigin.swift; sourceTree = "<group>"; };
		CEBC85B52BBC6A8E00CE7288 /* RMSingleLocation.swift */ = {isa = PBXFileReference; lastKnownFileType = sourcecode.swift; path = RMSingleLocation.swift; sourceTree = "<group>"; };
		CEBC85B72BBC6C4200CE7288 /* RMCharacterStatus.swift */ = {isa = PBXFileReference; lastKnownFileType = sourcecode.swift; path = RMCharacterStatus.swift; sourceTree = "<group>"; };
		CEBC85BA2BBC6C8500CE7288 /* RMCharacterGender.swift */ = {isa = PBXFileReference; lastKnownFileType = sourcecode.swift; path = RMCharacterGender.swift; sourceTree = "<group>"; };
		CEBC85BF2BBC80AA00CE7288 /* RMGetAllCharactersResponse.swift */ = {isa = PBXFileReference; lastKnownFileType = sourcecode.swift; path = RMGetAllCharactersResponse.swift; sourceTree = "<group>"; };
		CEBC85C12BBDC35600CE7288 /* RMCharacterListViewViewModel.swift */ = {isa = PBXFileReference; lastKnownFileType = sourcecode.swift; path = RMCharacterListViewViewModel.swift; sourceTree = "<group>"; };
		CEBC85C32BBDC41000CE7288 /* RMCharacterListView.swift */ = {isa = PBXFileReference; lastKnownFileType = sourcecode.swift; path = RMCharacterListView.swift; sourceTree = "<group>"; };
		CEBC85C52BBDC87900CE7288 /* Extensions.swift */ = {isa = PBXFileReference; lastKnownFileType = sourcecode.swift; path = Extensions.swift; sourceTree = "<group>"; };
		CEFA45772BBEF9D000D2F33A /* RMCharacterCollectionViewCell.swift */ = {isa = PBXFileReference; lastKnownFileType = sourcecode.swift; path = RMCharacterCollectionViewCell.swift; sourceTree = "<group>"; };
		CEFA45792BBEFBB100D2F33A /* RMCharacterCollectionViewCellViewModel.swift */ = {isa = PBXFileReference; lastKnownFileType = sourcecode.swift; path = RMCharacterCollectionViewCellViewModel.swift; sourceTree = "<group>"; };
		CEFA457C2BBF21F000D2F33A /* RMCharacterDetailViewController.swift */ = {isa = PBXFileReference; lastKnownFileType = sourcecode.swift; path = RMCharacterDetailViewController.swift; sourceTree = "<group>"; };
		CEFA457E2BBF228300D2F33A /* RMCharacterDetailView.swift */ = {isa = PBXFileReference; lastKnownFileType = sourcecode.swift; path = RMCharacterDetailView.swift; sourceTree = "<group>"; };
		CEFA45802BBF229900D2F33A /* RMCharacterDetailViewViewModel.swift */ = {isa = PBXFileReference; lastKnownFileType = sourcecode.swift; path = RMCharacterDetailViewViewModel.swift; sourceTree = "<group>"; };
		CEFA45822BBF26C200D2F33A /* RMFooterLoadingCollectionReusableView.swift */ = {isa = PBXFileReference; lastKnownFileType = sourcecode.swift; path = RMFooterLoadingCollectionReusableView.swift; sourceTree = "<group>"; };
/* End PBXFileReference section */

/* Begin PBXFrameworksBuildPhase section */
		CEBC857D2BBBD8D700CE7288 /* Frameworks */ = {
			isa = PBXFrameworksBuildPhase;
			buildActionMask = 2147483647;
			files = (
			);
			runOnlyForDeploymentPostprocessing = 0;
		};
/* End PBXFrameworksBuildPhase section */

/* Begin PBXGroup section */
		CEBC85772BBBD8D700CE7288 = {
			isa = PBXGroup;
			children = (
				CEBC85822BBBD8D700CE7288 /* RickAndMorty */,
				CEBC85812BBBD8D700CE7288 /* Products */,
			);
			sourceTree = "<group>";
		};
		CEBC85812BBBD8D700CE7288 /* Products */ = {
			isa = PBXGroup;
			children = (
				CEBC85802BBBD8D700CE7288 /* RickAndMorty.app */,
			);
			name = Products;
			sourceTree = "<group>";
		};
		CEBC85822BBBD8D700CE7288 /* RickAndMorty */ = {
			isa = PBXGroup;
			children = (
				CEBC859D2BBBDB7100CE7288 /* Resources */,
				CEBC859C2BBBDB6700CE7288 /* Managers */,
				CEBC859B2BBBDB4D00CE7288 /* APIClient */,
				CEBC859A2BBBDB4400CE7288 /* ViewModels */,
				CEBC85992BBBDB4000CE7288 /* Views */,
				CEBC85982BBBDB3500CE7288 /* Models */,
				CEBC85972BBBDB2A00CE7288 /* Controllers */,
				CEBC85912BBBD8D800CE7288 /* Info.plist */,
			);
			path = RickAndMorty;
			sourceTree = "<group>";
		};
		CEBC85972BBBDB2A00CE7288 /* Controllers */ = {
			isa = PBXGroup;
			children = (
				CEFA457B2BBF21D500D2F33A /* Other */,
				CEBC85A42BBBDCC100CE7288 /* Core */,
			);
			path = Controllers;
			sourceTree = "<group>";
		};
		CEBC85982BBBDB3500CE7288 /* Models */ = {
			isa = PBXGroup;
			children = (
				CEBC85BE2BBC805400CE7288 /* APIResponseTypes */,
				CEBC85BD2BBC803700CE7288 /* DataTypes */,
			);
			path = Models;
			sourceTree = "<group>";
		};
		CEBC85992BBBDB4000CE7288 /* Views */ = {
			isa = PBXGroup;
			children = (
				CEBC85C32BBDC41000CE7288 /* RMCharacterListView.swift */,
				CEFA45772BBEF9D000D2F33A /* RMCharacterCollectionViewCell.swift */,
				CEFA457E2BBF228300D2F33A /* RMCharacterDetailView.swift */,
				CEFA45822BBF26C200D2F33A /* RMFooterLoadingCollectionReusableView.swift */,
			);
			path = Views;
			sourceTree = "<group>";
		};
		CEBC859A2BBBDB4400CE7288 /* ViewModels */ = {
			isa = PBXGroup;
			children = (
				CEBC85C12BBDC35600CE7288 /* RMCharacterListViewViewModel.swift */,
				CEFA45792BBEFBB100D2F33A /* RMCharacterCollectionViewCellViewModel.swift */,
				CEFA45802BBF229900D2F33A /* RMCharacterDetailViewViewModel.swift */,
			);
			path = ViewModels;
			sourceTree = "<group>";
		};
		CEBC859B2BBBDB4D00CE7288 /* APIClient */ = {
			isa = PBXGroup;
			children = (
				CEBC85AD2BBC624B00CE7288 /* RMService.swift */,
				CEBC85AF2BBC626300CE7288 /* RMRequest.swift */,
				CEBC85B12BBC634E00CE7288 /* RMEndpoint.swift */,
			);
			path = APIClient;
			sourceTree = "<group>";
		};
		CEBC859C2BBBDB6700CE7288 /* Managers */ = {
			isa = PBXGroup;
			children = (
				CE8E69B62BC46732009A6899 /* RMImageLoader.swift */,
			);
			path = Managers;
			sourceTree = "<group>";
		};
		CEBC859D2BBBDB7100CE7288 /* Resources */ = {
			isa = PBXGroup;
			children = (
				CEBC858C2BBBD8D800CE7288 /* Assets.xcassets */,
				CEBC858E2BBBD8D800CE7288 /* LaunchScreen.storyboard */,
				CEBC85832BBBD8D700CE7288 /* AppDelegate.swift */,
				CEBC85852BBBD8D700CE7288 /* SceneDelegate.swift */,
				CEBC85C52BBDC87900CE7288 /* Extensions.swift */,
			);
			path = Resources;
			sourceTree = "<group>";
		};
		CEBC85A42BBBDCC100CE7288 /* Core */ = {
			isa = PBXGroup;
			children = (
				CEBC85872BBBD8D700CE7288 /* RMTabViewController.swift */,
				CEBC85A52BBBDCE500CE7288 /* RMCharacterViewController.swift */,
				CEBC85A72BBBDCEE00CE7288 /* RMLocationViewController.swift */,
				CEBC85A92BBBDD0500CE7288 /* RMEpisodeViewController.swift */,
				CEBC85AB2BBBDDBD00CE7288 /* RMSettingsViewController.swift */,
			);
			path = Core;
			sourceTree = "<group>";
		};
		CEBC85BC2BBC6C9800CE7288 /* Enum */ = {
			isa = PBXGroup;
			children = (
				CEBC85B72BBC6C4200CE7288 /* RMCharacterStatus.swift */,
				CEBC85BA2BBC6C8500CE7288 /* RMCharacterGender.swift */,
			);
			path = Enum;
			sourceTree = "<group>";
		};
		CEBC85BD2BBC803700CE7288 /* DataTypes */ = {
			isa = PBXGroup;
			children = (
				CEBC859E2BBBDC2A00CE7288 /* RMLocation.swift */,
				CEBC85A22BBBDC5F00CE7288 /* RMEpisode.swift */,
				CEBC85A02BBBDC5200CE7288 /* RMCharacter.swift */,
				CEBC85B32BBC69F200CE7288 /* RMOrigin.swift */,
				CEBC85B52BBC6A8E00CE7288 /* RMSingleLocation.swift */,
				CEBC85BC2BBC6C9800CE7288 /* Enum */,
			);
			path = DataTypes;
			sourceTree = "<group>";
		};
		CEBC85BE2BBC805400CE7288 /* APIResponseTypes */ = {
			isa = PBXGroup;
			children = (
				CEBC85BF2BBC80AA00CE7288 /* RMGetAllCharactersResponse.swift */,
			);
			path = APIResponseTypes;
			sourceTree = "<group>";
		};
		CEFA457B2BBF21D500D2F33A /* Other */ = {
			isa = PBXGroup;
			children = (
				CEFA457C2BBF21F000D2F33A /* RMCharacterDetailViewController.swift */,
			);
			path = Other;
			sourceTree = "<group>";
		};
/* End PBXGroup section */

/* Begin PBXNativeTarget section */
		CEBC857F2BBBD8D700CE7288 /* RickAndMorty */ = {
			isa = PBXNativeTarget;
			buildConfigurationList = CEBC85942BBBD8D800CE7288 /* Build configuration list for PBXNativeTarget "RickAndMorty" */;
			buildPhases = (
				CEBC857C2BBBD8D700CE7288 /* Sources */,
				CEBC857D2BBBD8D700CE7288 /* Frameworks */,
				CEBC857E2BBBD8D700CE7288 /* Resources */,
			);
			buildRules = (
			);
			dependencies = (
			);
			name = RickAndMorty;
			productName = RickAndMorty;
			productReference = CEBC85802BBBD8D700CE7288 /* RickAndMorty.app */;
			productType = "com.apple.product-type.application";
		};
/* End PBXNativeTarget section */

/* Begin PBXProject section */
		CEBC85782BBBD8D700CE7288 /* Project object */ = {
			isa = PBXProject;
			attributes = {
				BuildIndependentTargetsInParallel = 1;
				LastSwiftUpdateCheck = 1530;
				LastUpgradeCheck = 1530;
				TargetAttributes = {
					CEBC857F2BBBD8D700CE7288 = {
						CreatedOnToolsVersion = 15.3;
					};
				};
			};
			buildConfigurationList = CEBC857B2BBBD8D700CE7288 /* Build configuration list for PBXProject "RickAndMorty" */;
			compatibilityVersion = "Xcode 14.0";
			developmentRegion = en;
			hasScannedForEncodings = 0;
			knownRegions = (
				en,
				Base,
			);
			mainGroup = CEBC85772BBBD8D700CE7288;
			productRefGroup = CEBC85812BBBD8D700CE7288 /* Products */;
			projectDirPath = "";
			projectRoot = "";
			targets = (
				CEBC857F2BBBD8D700CE7288 /* RickAndMorty */,
			);
		};
/* End PBXProject section */

/* Begin PBXResourcesBuildPhase section */
		CEBC857E2BBBD8D700CE7288 /* Resources */ = {
			isa = PBXResourcesBuildPhase;
			buildActionMask = 2147483647;
			files = (
				CEBC858D2BBBD8D800CE7288 /* Assets.xcassets in Resources */,
				CEBC85902BBBD8D800CE7288 /* Base in Resources */,
			);
			runOnlyForDeploymentPostprocessing = 0;
		};
/* End PBXResourcesBuildPhase section */

/* Begin PBXSourcesBuildPhase section */
		CEBC857C2BBBD8D700CE7288 /* Sources */ = {
			isa = PBXSourcesBuildPhase;
			buildActionMask = 2147483647;
			files = (
				CEBC85B42BBC69F200CE7288 /* RMOrigin.swift in Sources */,
				CEFA45812BBF229900D2F33A /* RMCharacterDetailViewViewModel.swift in Sources */,
				CEBC85B62BBC6A8E00CE7288 /* RMSingleLocation.swift in Sources */,
				CEBC85C02BBC80AA00CE7288 /* RMGetAllCharactersResponse.swift in Sources */,
				CEBC85B82BBC6C4200CE7288 /* RMCharacterStatus.swift in Sources */,
				CEBC85BB2BBC6C8500CE7288 /* RMCharacterGender.swift in Sources */,
				CEBC85A82BBBDCEE00CE7288 /* RMLocationViewController.swift in Sources */,
				CEFA457D2BBF21F000D2F33A /* RMCharacterDetailViewController.swift in Sources */,
				CEFA45832BBF26C200D2F33A /* RMFooterLoadingCollectionReusableView.swift in Sources */,
				CEBC85A32BBBDC5F00CE7288 /* RMEpisode.swift in Sources */,
				CEBC85882BBBD8D700CE7288 /* RMTabViewController.swift in Sources */,
				CEBC85AA2BBBDD0500CE7288 /* RMEpisodeViewController.swift in Sources */,
				CEFA45782BBEF9D000D2F33A /* RMCharacterCollectionViewCell.swift in Sources */,
				CEBC85C22BBDC35600CE7288 /* RMCharacterListViewViewModel.swift in Sources */,
				CE8E69B72BC46732009A6899 /* RMImageLoader.swift in Sources */,
				CEBC85842BBBD8D700CE7288 /* AppDelegate.swift in Sources */,
				CEBC85862BBBD8D700CE7288 /* SceneDelegate.swift in Sources */,
				CEBC85AC2BBBDDBD00CE7288 /* RMSettingsViewController.swift in Sources */,
				CEBC85C62BBDC87900CE7288 /* Extensions.swift in Sources */,
				CEBC85AE2BBC624B00CE7288 /* RMService.swift in Sources */,
				CEBC859F2BBBDC2A00CE7288 /* RMLocation.swift in Sources */,
				CEBC85C42BBDC41000CE7288 /* RMCharacterListView.swift in Sources */,
				CEBC85B22BBC634E00CE7288 /* RMEndpoint.swift in Sources */,
				CEFA457A2BBEFBB100D2F33A /* RMCharacterCollectionViewCellViewModel.swift in Sources */,
				CEBC85A12BBBDC5200CE7288 /* RMCharacter.swift in Sources */,
				CEBC85B02BBC626300CE7288 /* RMRequest.swift in Sources */,
				CEBC85A62BBBDCE500CE7288 /* RMCharacterViewController.swift in Sources */,
				CEFA457F2BBF228300D2F33A /* RMCharacterDetailView.swift in Sources */,
			);
			runOnlyForDeploymentPostprocessing = 0;
		};
/* End PBXSourcesBuildPhase section */

/* Begin PBXVariantGroup section */
		CEBC858E2BBBD8D800CE7288 /* LaunchScreen.storyboard */ = {
			isa = PBXVariantGroup;
			children = (
				CEBC858F2BBBD8D800CE7288 /* Base */,
			);
			name = LaunchScreen.storyboard;
			sourceTree = "<group>";
		};
/* End PBXVariantGroup section */

/* Begin XCBuildConfiguration section */
		CEBC85922BBBD8D800CE7288 /* Debug */ = {
			isa = XCBuildConfiguration;
			buildSettings = {
				ALWAYS_SEARCH_USER_PATHS = NO;
				ASSETCATALOG_COMPILER_GENERATE_SWIFT_ASSET_SYMBOL_EXTENSIONS = YES;
				CLANG_ANALYZER_NONNULL = YES;
				CLANG_ANALYZER_NUMBER_OBJECT_CONVERSION = YES_AGGRESSIVE;
				CLANG_CXX_LANGUAGE_STANDARD = "gnu++20";
				CLANG_ENABLE_MODULES = YES;
				CLANG_ENABLE_OBJC_ARC = YES;
				CLANG_ENABLE_OBJC_WEAK = YES;
				CLANG_WARN_BLOCK_CAPTURE_AUTORELEASING = YES;
				CLANG_WARN_BOOL_CONVERSION = YES;
				CLANG_WARN_COMMA = YES;
				CLANG_WARN_CONSTANT_CONVERSION = YES;
				CLANG_WARN_DEPRECATED_OBJC_IMPLEMENTATIONS = YES;
				CLANG_WARN_DIRECT_OBJC_ISA_USAGE = YES_ERROR;
				CLANG_WARN_DOCUMENTATION_COMMENTS = YES;
				CLANG_WARN_EMPTY_BODY = YES;
				CLANG_WARN_ENUM_CONVERSION = YES;
				CLANG_WARN_INFINITE_RECURSION = YES;
				CLANG_WARN_INT_CONVERSION = YES;
				CLANG_WARN_NON_LITERAL_NULL_CONVERSION = YES;
				CLANG_WARN_OBJC_IMPLICIT_RETAIN_SELF = YES;
				CLANG_WARN_OBJC_LITERAL_CONVERSION = YES;
				CLANG_WARN_OBJC_ROOT_CLASS = YES_ERROR;
				CLANG_WARN_QUOTED_INCLUDE_IN_FRAMEWORK_HEADER = YES;
				CLANG_WARN_RANGE_LOOP_ANALYSIS = YES;
				CLANG_WARN_STRICT_PROTOTYPES = YES;
				CLANG_WARN_SUSPICIOUS_MOVE = YES;
				CLANG_WARN_UNGUARDED_AVAILABILITY = YES_AGGRESSIVE;
				CLANG_WARN_UNREACHABLE_CODE = YES;
				CLANG_WARN__DUPLICATE_METHOD_MATCH = YES;
				COPY_PHASE_STRIP = NO;
				DEBUG_INFORMATION_FORMAT = dwarf;
				ENABLE_STRICT_OBJC_MSGSEND = YES;
				ENABLE_TESTABILITY = YES;
				ENABLE_USER_SCRIPT_SANDBOXING = YES;
				GCC_C_LANGUAGE_STANDARD = gnu17;
				GCC_DYNAMIC_NO_PIC = NO;
				GCC_NO_COMMON_BLOCKS = YES;
				GCC_OPTIMIZATION_LEVEL = 0;
				GCC_PREPROCESSOR_DEFINITIONS = (
					"DEBUG=1",
					"$(inherited)",
				);
				GCC_WARN_64_TO_32_BIT_CONVERSION = YES;
				GCC_WARN_ABOUT_RETURN_TYPE = YES_ERROR;
				GCC_WARN_UNDECLARED_SELECTOR = YES;
				GCC_WARN_UNINITIALIZED_AUTOS = YES_AGGRESSIVE;
				GCC_WARN_UNUSED_FUNCTION = YES;
				GCC_WARN_UNUSED_VARIABLE = YES;
				IPHONEOS_DEPLOYMENT_TARGET = 17.4;
				LOCALIZATION_PREFERS_STRING_CATALOGS = YES;
				MTL_ENABLE_DEBUG_INFO = INCLUDE_SOURCE;
				MTL_FAST_MATH = YES;
				ONLY_ACTIVE_ARCH = YES;
				SDKROOT = iphoneos;
				SWIFT_ACTIVE_COMPILATION_CONDITIONS = "DEBUG $(inherited)";
				SWIFT_OPTIMIZATION_LEVEL = "-Onone";
			};
			name = Debug;
		};
		CEBC85932BBBD8D800CE7288 /* Release */ = {
			isa = XCBuildConfiguration;
			buildSettings = {
				ALWAYS_SEARCH_USER_PATHS = NO;
				ASSETCATALOG_COMPILER_GENERATE_SWIFT_ASSET_SYMBOL_EXTENSIONS = YES;
				CLANG_ANALYZER_NONNULL = YES;
				CLANG_ANALYZER_NUMBER_OBJECT_CONVERSION = YES_AGGRESSIVE;
				CLANG_CXX_LANGUAGE_STANDARD = "gnu++20";
				CLANG_ENABLE_MODULES = YES;
				CLANG_ENABLE_OBJC_ARC = YES;
				CLANG_ENABLE_OBJC_WEAK = YES;
				CLANG_WARN_BLOCK_CAPTURE_AUTORELEASING = YES;
				CLANG_WARN_BOOL_CONVERSION = YES;
				CLANG_WARN_COMMA = YES;
				CLANG_WARN_CONSTANT_CONVERSION = YES;
				CLANG_WARN_DEPRECATED_OBJC_IMPLEMENTATIONS = YES;
				CLANG_WARN_DIRECT_OBJC_ISA_USAGE = YES_ERROR;
				CLANG_WARN_DOCUMENTATION_COMMENTS = YES;
				CLANG_WARN_EMPTY_BODY = YES;
				CLANG_WARN_ENUM_CONVERSION = YES;
				CLANG_WARN_INFINITE_RECURSION = YES;
				CLANG_WARN_INT_CONVERSION = YES;
				CLANG_WARN_NON_LITERAL_NULL_CONVERSION = YES;
				CLANG_WARN_OBJC_IMPLICIT_RETAIN_SELF = YES;
				CLANG_WARN_OBJC_LITERAL_CONVERSION = YES;
				CLANG_WARN_OBJC_ROOT_CLASS = YES_ERROR;
				CLANG_WARN_QUOTED_INCLUDE_IN_FRAMEWORK_HEADER = YES;
				CLANG_WARN_RANGE_LOOP_ANALYSIS = YES;
				CLANG_WARN_STRICT_PROTOTYPES = YES;
				CLANG_WARN_SUSPICIOUS_MOVE = YES;
				CLANG_WARN_UNGUARDED_AVAILABILITY = YES_AGGRESSIVE;
				CLANG_WARN_UNREACHABLE_CODE = YES;
				CLANG_WARN__DUPLICATE_METHOD_MATCH = YES;
				COPY_PHASE_STRIP = NO;
				DEBUG_INFORMATION_FORMAT = "dwarf-with-dsym";
				ENABLE_NS_ASSERTIONS = NO;
				ENABLE_STRICT_OBJC_MSGSEND = YES;
				ENABLE_USER_SCRIPT_SANDBOXING = YES;
				GCC_C_LANGUAGE_STANDARD = gnu17;
				GCC_NO_COMMON_BLOCKS = YES;
				GCC_WARN_64_TO_32_BIT_CONVERSION = YES;
				GCC_WARN_ABOUT_RETURN_TYPE = YES_ERROR;
				GCC_WARN_UNDECLARED_SELECTOR = YES;
				GCC_WARN_UNINITIALIZED_AUTOS = YES_AGGRESSIVE;
				GCC_WARN_UNUSED_FUNCTION = YES;
				GCC_WARN_UNUSED_VARIABLE = YES;
				IPHONEOS_DEPLOYMENT_TARGET = 17.4;
				LOCALIZATION_PREFERS_STRING_CATALOGS = YES;
				MTL_ENABLE_DEBUG_INFO = NO;
				MTL_FAST_MATH = YES;
				SDKROOT = iphoneos;
				SWIFT_COMPILATION_MODE = wholemodule;
				VALIDATE_PRODUCT = YES;
			};
			name = Release;
		};
		CEBC85952BBBD8D800CE7288 /* Debug */ = {
			isa = XCBuildConfiguration;
			buildSettings = {
				ASSETCATALOG_COMPILER_APPICON_NAME = AppIcon;
				ASSETCATALOG_COMPILER_GLOBAL_ACCENT_COLOR_NAME = AccentColor;
				CODE_SIGN_STYLE = Automatic;
				CURRENT_PROJECT_VERSION = 1;
				GENERATE_INFOPLIST_FILE = YES;
				INFOPLIST_FILE = RickAndMorty/Info.plist;
				INFOPLIST_KEY_UIApplicationSupportsIndirectInputEvents = YES;
				INFOPLIST_KEY_UILaunchStoryboardName = LaunchScreen;
				INFOPLIST_KEY_UISupportedInterfaceOrientations_iPad = "UIInterfaceOrientationPortrait UIInterfaceOrientationPortraitUpsideDown UIInterfaceOrientationLandscapeLeft UIInterfaceOrientationLandscapeRight";
				INFOPLIST_KEY_UISupportedInterfaceOrientations_iPhone = "UIInterfaceOrientationPortrait UIInterfaceOrientationLandscapeLeft UIInterfaceOrientationLandscapeRight";
				IPHONEOS_DEPLOYMENT_TARGET = 16.6;
				LD_RUNPATH_SEARCH_PATHS = (
					"$(inherited)",
					"@executable_path/Frameworks",
				);
				MARKETING_VERSION = 1.0;
				PRODUCT_BUNDLE_IDENTIFIER = com.lynnguyen.RickAndMorty;
				PRODUCT_NAME = "$(TARGET_NAME)";
				SWIFT_EMIT_LOC_STRINGS = YES;
				SWIFT_VERSION = 5.0;
				TARGETED_DEVICE_FAMILY = "1,2";
			};
			name = Debug;
		};
		CEBC85962BBBD8D800CE7288 /* Release */ = {
			isa = XCBuildConfiguration;
			buildSettings = {
				ASSETCATALOG_COMPILER_APPICON_NAME = AppIcon;
				ASSETCATALOG_COMPILER_GLOBAL_ACCENT_COLOR_NAME = AccentColor;
				CODE_SIGN_STYLE = Automatic;
				CURRENT_PROJECT_VERSION = 1;
				GENERATE_INFOPLIST_FILE = YES;
				INFOPLIST_FILE = RickAndMorty/Info.plist;
				INFOPLIST_KEY_UIApplicationSupportsIndirectInputEvents = YES;
				INFOPLIST_KEY_UILaunchStoryboardName = LaunchScreen;
				INFOPLIST_KEY_UISupportedInterfaceOrientations_iPad = "UIInterfaceOrientationPortrait UIInterfaceOrientationPortraitUpsideDown UIInterfaceOrientationLandscapeLeft UIInterfaceOrientationLandscapeRight";
				INFOPLIST_KEY_UISupportedInterfaceOrientations_iPhone = "UIInterfaceOrientationPortrait UIInterfaceOrientationLandscapeLeft UIInterfaceOrientationLandscapeRight";
				IPHONEOS_DEPLOYMENT_TARGET = 16.6;
				LD_RUNPATH_SEARCH_PATHS = (
					"$(inherited)",
					"@executable_path/Frameworks",
				);
				MARKETING_VERSION = 1.0;
				PRODUCT_BUNDLE_IDENTIFIER = com.lynnguyen.RickAndMorty;
				PRODUCT_NAME = "$(TARGET_NAME)";
				SWIFT_EMIT_LOC_STRINGS = YES;
				SWIFT_VERSION = 5.0;
				TARGETED_DEVICE_FAMILY = "1,2";
			};
			name = Release;
		};
/* End XCBuildConfiguration section */

/* Begin XCConfigurationList section */
		CEBC857B2BBBD8D700CE7288 /* Build configuration list for PBXProject "RickAndMorty" */ = {
			isa = XCConfigurationList;
			buildConfigurations = (
				CEBC85922BBBD8D800CE7288 /* Debug */,
				CEBC85932BBBD8D800CE7288 /* Release */,
			);
			defaultConfigurationIsVisible = 0;
			defaultConfigurationName = Release;
		};
		CEBC85942BBBD8D800CE7288 /* Build configuration list for PBXNativeTarget "RickAndMorty" */ = {
			isa = XCConfigurationList;
			buildConfigurations = (
				CEBC85952BBBD8D800CE7288 /* Debug */,
				CEBC85962BBBD8D800CE7288 /* Release */,
			);
			defaultConfigurationIsVisible = 0;
			defaultConfigurationName = Release;
		};
/* End XCConfigurationList section */
	};
	rootObject = CEBC85782BBBD8D700CE7288 /* Project object */;
}
