// !$*UTF8*$!
{
	archiveVersion = 1;
	classes = {
	};
	objectVersion = 56;
	objects = {

/* Begin PBXBuildFile section */
		CE326D322BD3E248009793EA /* RMGetLocationsResponse.swift in Sources */ = {isa = PBXBuildFile; fileRef = CE326D312BD3E248009793EA /* RMGetLocationsResponse.swift */; };
		CE326D342BD3E4A3009793EA /* RMLocationTableViewCell.swift in Sources */ = {isa = PBXBuildFile; fileRef = CE326D332BD3E4A3009793EA /* RMLocationTableViewCell.swift */; };
		CE326D362BD3E507009793EA /* RMLocationTableViewCellViewModel.swift in Sources */ = {isa = PBXBuildFile; fileRef = CE326D352BD3E507009793EA /* RMLocationTableViewCellViewModel.swift */; };
		CE326D382BD3EFEC009793EA /* RMLocationDetailViewController.swift in Sources */ = {isa = PBXBuildFile; fileRef = CE326D372BD3EFEC009793EA /* RMLocationDetailViewController.swift */; };
		CE326D3B2BD3F1A1009793EA /* RMLocationDetailView.swift in Sources */ = {isa = PBXBuildFile; fileRef = CE326D3A2BD3F1A1009793EA /* RMLocationDetailView.swift */; };
		CE326D3D2BD3F253009793EA /* RMLocationDetailViewViewModel.swift in Sources */ = {isa = PBXBuildFile; fileRef = CE326D3C2BD3F253009793EA /* RMLocationDetailViewViewModel.swift */; };
		CE4F16E92BCE864D00571675 /* RMSettingsViewViewModel.swift in Sources */ = {isa = PBXBuildFile; fileRef = CE4F16E82BCE864D00571675 /* RMSettingsViewViewModel.swift */; };
		CE4F16EB2BCE869200571675 /* RMSettingsCellViewModel.swift in Sources */ = {isa = PBXBuildFile; fileRef = CE4F16EA2BCE869200571675 /* RMSettingsCellViewModel.swift */; };
		CE4F16ED2BCE877000571675 /* RMSettingsOption.swift in Sources */ = {isa = PBXBuildFile; fileRef = CE4F16EC2BCE877000571675 /* RMSettingsOption.swift */; };
		CE51F9D22BD0FAA2006ABF45 /* RMSettingsView.swift in Sources */ = {isa = PBXBuildFile; fileRef = CE51F9D12BD0FAA2006ABF45 /* RMSettingsView.swift */; };
		CE51F9D52BD198A0006ABF45 /* RMLocationView.swift in Sources */ = {isa = PBXBuildFile; fileRef = CE51F9D42BD198A0006ABF45 /* RMLocationView.swift */; };
		CE51F9D82BD19AF1006ABF45 /* RMLocationViewViewModel.swift in Sources */ = {isa = PBXBuildFile; fileRef = CE51F9D72BD19AF1006ABF45 /* RMLocationViewViewModel.swift */; };
		CE881CBE2BDD74AD00AE7B98 /* RMSearchResultViewModel.swift in Sources */ = {isa = PBXBuildFile; fileRef = CE881CBD2BDD74AD00AE7B98 /* RMSearchResultViewModel.swift */; };
		CE8E69B72BC46732009A6899 /* RMImageLoader.swift in Sources */ = {isa = PBXBuildFile; fileRef = CE8E69B62BC46732009A6899 /* RMImageLoader.swift */; };
		CE8E69BB2BC5C44F009A6899 /* RMCharacterPhotoCollectionViewCell.swift in Sources */ = {isa = PBXBuildFile; fileRef = CE8E69BA2BC5C44F009A6899 /* RMCharacterPhotoCollectionViewCell.swift */; };
		CE8E69BD2BC5C45C009A6899 /* RMCharacterInfoCollectionViewCell.swift in Sources */ = {isa = PBXBuildFile; fileRef = CE8E69BC2BC5C45C009A6899 /* RMCharacterInfoCollectionViewCell.swift */; };
		CE8E69BF2BC5C466009A6899 /* RMCharacterEpisodeCollectionViewCell.swift in Sources */ = {isa = PBXBuildFile; fileRef = CE8E69BE2BC5C466009A6899 /* RMCharacterEpisodeCollectionViewCell.swift */; };
		CE8E69C22BC5C4A4009A6899 /* RMCharacterPhotoCollectionViewCellViewModel.swift in Sources */ = {isa = PBXBuildFile; fileRef = CE8E69C12BC5C4A4009A6899 /* RMCharacterPhotoCollectionViewCellViewModel.swift */; };
		CE8E69C42BC5C4B0009A6899 /* RMCharacterInfoCollectionViewCellViewModel.swift in Sources */ = {isa = PBXBuildFile; fileRef = CE8E69C32BC5C4B0009A6899 /* RMCharacterInfoCollectionViewCellViewModel.swift */; };
		CE8E69C62BC5C4B9009A6899 /* RMCharacterEpisodeCollectionViewCellViewModel.swift in Sources */ = {isa = PBXBuildFile; fileRef = CE8E69C52BC5C4B9009A6899 /* RMCharacterEpisodeCollectionViewCellViewModel.swift */; };
		CE8EBCFE2BD4EB1500A8354D /* RMSearchView.swift in Sources */ = {isa = PBXBuildFile; fileRef = CE8EBCFD2BD4EB1500A8354D /* RMSearchView.swift */; };
		CE8EBD012BD4EBAF00A8354D /* RMSearchViewViewModel.swift in Sources */ = {isa = PBXBuildFile; fileRef = CE8EBD002BD4EBAF00A8354D /* RMSearchViewViewModel.swift */; };
		CE8EBD032BD4ED2800A8354D /* RMNoSearchResultsView.swift in Sources */ = {isa = PBXBuildFile; fileRef = CE8EBD022BD4ED2800A8354D /* RMNoSearchResultsView.swift */; };
		CE8EBD052BD4ED5000A8354D /* RMNoSearchResultsViewViewModel.swift in Sources */ = {isa = PBXBuildFile; fileRef = CE8EBD042BD4ED5000A8354D /* RMNoSearchResultsViewViewModel.swift */; };
		CE8EBD072BD4ED8400A8354D /* RMSearchInputView.swift in Sources */ = {isa = PBXBuildFile; fileRef = CE8EBD062BD4ED8400A8354D /* RMSearchInputView.swift */; };
		CE8EBD092BD4ED9600A8354D /* RMSearchInputViewViewModel.swift in Sources */ = {isa = PBXBuildFile; fileRef = CE8EBD082BD4ED9600A8354D /* RMSearchInputViewViewModel.swift */; };
		CE8EBD0B2BD50A9200A8354D /* RMSearchOptionPickerViewController.swift in Sources */ = {isa = PBXBuildFile; fileRef = CE8EBD0A2BD50A9200A8354D /* RMSearchOptionPickerViewController.swift */; };
		CE983A022BCC5C2600022D6D /* RMEpisodeInfoCollectionViewCell.swift in Sources */ = {isa = PBXBuildFile; fileRef = CE983A012BCC5C2600022D6D /* RMEpisodeInfoCollectionViewCell.swift */; };
		CE983A052BCC5C7600022D6D /* RMEpisodeInfoCollectionViewCellViewModel.swift in Sources */ = {isa = PBXBuildFile; fileRef = CE983A042BCC5C7600022D6D /* RMEpisodeInfoCollectionViewCellViewModel.swift */; };
		CEAC7EF72BDE284D00049680 /* RMSearchResultsView.swift in Sources */ = {isa = PBXBuildFile; fileRef = CEAC7EF62BDE284D00049680 /* RMSearchResultsView.swift */; };
		CEAC7EF92BDE5AA600049680 /* RMTableLoadingFooterView.swift in Sources */ = {isa = PBXBuildFile; fileRef = CEAC7EF82BDE5AA600049680 /* RMTableLoadingFooterView.swift */; };
		CEBC85842BBBD8D700CE7288 /* AppDelegate.swift in Sources */ = {isa = PBXBuildFile; fileRef = CEBC85832BBBD8D700CE7288 /* AppDelegate.swift */; };
		CEBC85862BBBD8D700CE7288 /* SceneDelegate.swift in Sources */ = {isa = PBXBuildFile; fileRef = CEBC85852BBBD8D700CE7288 /* SceneDelegate.swift */; };
		CEBC85882BBBD8D700CE7288 /* RMTabViewController.swift in Sources */ = {isa = PBXBuildFile; fileRef = CEBC85872BBBD8D700CE7288 /* RMTabViewController.swift */; };
		CEBC858D2BBBD8D800CE7288 /* Assets.xcassets in Resources */ = {isa = PBXBuildFile; fileRef = CEBC858C2BBBD8D800CE7288 /* Assets.xcassets */; };
		CEBC85902BBBD8D800CE7288 /* Base in Resources */ = {isa = PBXBuildFile; fileRef = CEBC858F2BBBD8D800CE7288 /* Base */; };
		CEBC859F2BBBDC2A00CE7288 /* RMLocation.swift in Sources */ = {isa = PBXBuildFile; fileRef = CEBC859E2BBBDC2A00CE7288 /* RMLocation.swift */; };
		CEBC85A12BBBDC5200CE7288 /* RMCharacter.swift in Sources */ = {isa = PBXBuildFile; fileRef = CEBC85A02BBBDC5200CE7288 /* RMCharacter.swift */; };
		CEBC85A32BBBDC5F00CE7288 /* RMEpisode.swift in Sources */ = {isa = PBXBuildFile; fileRef = CEBC85A22BBBDC5F00CE7288 /* RMEpisode.swift */; };
		CEBC85A62BBBDCE500CE7288 /* RMCharacterViewController.swift in Sources */ = {isa = PBXBuildFile; fileRef = CEBC85A52BBBDCE500CE7288 /* RMCharacterViewController.swift */; };
		CEBC85A82BBBDCEE00CE7288 /* RMLocationViewController.swift in Sources */ = {isa = PBXBuildFile; fileRef = CEBC85A72BBBDCEE00CE7288 /* RMLocationViewController.swift */; };
		CEBC85AA2BBBDD0500CE7288 /* RMEpisodeViewController.swift in Sources */ = {isa = PBXBuildFile; fileRef = CEBC85A92BBBDD0500CE7288 /* RMEpisodeViewController.swift */; };
		CEBC85AC2BBBDDBD00CE7288 /* RMSettingsViewController.swift in Sources */ = {isa = PBXBuildFile; fileRef = CEBC85AB2BBBDDBD00CE7288 /* RMSettingsViewController.swift */; };
		CEBC85AE2BBC624B00CE7288 /* RMService.swift in Sources */ = {isa = PBXBuildFile; fileRef = CEBC85AD2BBC624B00CE7288 /* RMService.swift */; };
		CEBC85B02BBC626300CE7288 /* RMRequest.swift in Sources */ = {isa = PBXBuildFile; fileRef = CEBC85AF2BBC626300CE7288 /* RMRequest.swift */; };
		CEBC85B22BBC634E00CE7288 /* RMEndpoint.swift in Sources */ = {isa = PBXBuildFile; fileRef = CEBC85B12BBC634E00CE7288 /* RMEndpoint.swift */; };
		CEBC85B42BBC69F200CE7288 /* RMOrigin.swift in Sources */ = {isa = PBXBuildFile; fileRef = CEBC85B32BBC69F200CE7288 /* RMOrigin.swift */; };
		CEBC85B62BBC6A8E00CE7288 /* RMSingleLocation.swift in Sources */ = {isa = PBXBuildFile; fileRef = CEBC85B52BBC6A8E00CE7288 /* RMSingleLocation.swift */; };
		CEBC85B82BBC6C4200CE7288 /* RMCharacterStatus.swift in Sources */ = {isa = PBXBuildFile; fileRef = CEBC85B72BBC6C4200CE7288 /* RMCharacterStatus.swift */; };
		CEBC85BB2BBC6C8500CE7288 /* RMCharacterGender.swift in Sources */ = {isa = PBXBuildFile; fileRef = CEBC85BA2BBC6C8500CE7288 /* RMCharacterGender.swift */; };
		CEBC85C02BBC80AA00CE7288 /* RMGetAllCharactersResponse.swift in Sources */ = {isa = PBXBuildFile; fileRef = CEBC85BF2BBC80AA00CE7288 /* RMGetAllCharactersResponse.swift */; };
		CEBC85C22BBDC35600CE7288 /* RMCharacterListViewViewModel.swift in Sources */ = {isa = PBXBuildFile; fileRef = CEBC85C12BBDC35600CE7288 /* RMCharacterListViewViewModel.swift */; };
		CEBC85C42BBDC41000CE7288 /* RMCharacterListView.swift in Sources */ = {isa = PBXBuildFile; fileRef = CEBC85C32BBDC41000CE7288 /* RMCharacterListView.swift */; };
		CEBC85C62BBDC87900CE7288 /* Extensions.swift in Sources */ = {isa = PBXBuildFile; fileRef = CEBC85C52BBDC87900CE7288 /* Extensions.swift */; };
		CEE65B742BCAD7A600CF8DB4 /* RMEpisodeDetailViewController.swift in Sources */ = {isa = PBXBuildFile; fileRef = CEE65B732BCAD7A600CF8DB4 /* RMEpisodeDetailViewController.swift */; };
		CEE65B762BCB9E0F00CF8DB4 /* RMAPICacheManager.swift in Sources */ = {isa = PBXBuildFile; fileRef = CEE65B752BCB9E0F00CF8DB4 /* RMAPICacheManager.swift */; };
		CEE65B782BCBA8CE00CF8DB4 /* RMEpisodeDetailViewViewModel.swift in Sources */ = {isa = PBXBuildFile; fileRef = CEE65B772BCBA8CE00CF8DB4 /* RMEpisodeDetailViewViewModel.swift */; };
		CEE65B7A2BCBA93600CF8DB4 /* RMEpisodeDetailView.swift in Sources */ = {isa = PBXBuildFile; fileRef = CEE65B792BCBA93600CF8DB4 /* RMEpisodeDetailView.swift */; };
		CEE65B7D2BCBAD9F00CF8DB4 /* RMEpisodeListView.swift in Sources */ = {isa = PBXBuildFile; fileRef = CEE65B7C2BCBAD9F00CF8DB4 /* RMEpisodeListView.swift */; };
		CEE65B7F2BCBAFD400CF8DB4 /* RMEpisodeListViewViewModel.swift in Sources */ = {isa = PBXBuildFile; fileRef = CEE65B7E2BCBAFD400CF8DB4 /* RMEpisodeListViewViewModel.swift */; };
		CEE65B812BCBC80900CF8DB4 /* RMGetAllEpisodesResponse.swift in Sources */ = {isa = PBXBuildFile; fileRef = CEE65B802BCBC80900CF8DB4 /* RMGetAllEpisodesResponse.swift */; };
		CEE65B842BCBE19400CF8DB4 /* RMSearchViewController.swift in Sources */ = {isa = PBXBuildFile; fileRef = CEE65B832BCBE19400CF8DB4 /* RMSearchViewController.swift */; };
		CEFA45782BBEF9D000D2F33A /* RMCharacterCollectionViewCell.swift in Sources */ = {isa = PBXBuildFile; fileRef = CEFA45772BBEF9D000D2F33A /* RMCharacterCollectionViewCell.swift */; };
		CEFA457A2BBEFBB100D2F33A /* RMCharacterCollectionViewCellViewModel.swift in Sources */ = {isa = PBXBuildFile; fileRef = CEFA45792BBEFBB100D2F33A /* RMCharacterCollectionViewCellViewModel.swift */; };
		CEFA457D2BBF21F000D2F33A /* RMCharacterDetailViewController.swift in Sources */ = {isa = PBXBuildFile; fileRef = CEFA457C2BBF21F000D2F33A /* RMCharacterDetailViewController.swift */; };
		CEFA457F2BBF228300D2F33A /* RMCharacterDetailView.swift in Sources */ = {isa = PBXBuildFile; fileRef = CEFA457E2BBF228300D2F33A /* RMCharacterDetailView.swift */; };
		CEFA45812BBF229900D2F33A /* RMCharacterDetailViewViewModel.swift in Sources */ = {isa = PBXBuildFile; fileRef = CEFA45802BBF229900D2F33A /* RMCharacterDetailViewViewModel.swift */; };
		CEFA45832BBF26C200D2F33A /* RMFooterLoadingCollectionReusableView.swift in Sources */ = {isa = PBXBuildFile; fileRef = CEFA45822BBF26C200D2F33A /* RMFooterLoadingCollectionReusableView.swift */; };
/* End PBXBuildFile section */

/* Begin PBXFileReference section */
		CE326D312BD3E248009793EA /* RMGetLocationsResponse.swift */ = {isa = PBXFileReference; lastKnownFileType = sourcecode.swift; path = RMGetLocationsResponse.swift; sourceTree = "<group>"; };
		CE326D332BD3E4A3009793EA /* RMLocationTableViewCell.swift */ = {isa = PBXFileReference; lastKnownFileType = sourcecode.swift; path = RMLocationTableViewCell.swift; sourceTree = "<group>"; };
		CE326D352BD3E507009793EA /* RMLocationTableViewCellViewModel.swift */ = {isa = PBXFileReference; lastKnownFileType = sourcecode.swift; path = RMLocationTableViewCellViewModel.swift; sourceTree = "<group>"; };
		CE326D372BD3EFEC009793EA /* RMLocationDetailViewController.swift */ = {isa = PBXFileReference; lastKnownFileType = sourcecode.swift; path = RMLocationDetailViewController.swift; sourceTree = "<group>"; };
		CE326D3A2BD3F1A1009793EA /* RMLocationDetailView.swift */ = {isa = PBXFileReference; lastKnownFileType = sourcecode.swift; path = RMLocationDetailView.swift; sourceTree = "<group>"; };
		CE326D3C2BD3F253009793EA /* RMLocationDetailViewViewModel.swift */ = {isa = PBXFileReference; lastKnownFileType = sourcecode.swift; path = RMLocationDetailViewViewModel.swift; sourceTree = "<group>"; };
		CE4F16E82BCE864D00571675 /* RMSettingsViewViewModel.swift */ = {isa = PBXFileReference; lastKnownFileType = sourcecode.swift; path = RMSettingsViewViewModel.swift; sourceTree = "<group>"; };
		CE4F16EA2BCE869200571675 /* RMSettingsCellViewModel.swift */ = {isa = PBXFileReference; lastKnownFileType = sourcecode.swift; path = RMSettingsCellViewModel.swift; sourceTree = "<group>"; };
		CE4F16EC2BCE877000571675 /* RMSettingsOption.swift */ = {isa = PBXFileReference; lastKnownFileType = sourcecode.swift; path = RMSettingsOption.swift; sourceTree = "<group>"; };
		CE51F9D12BD0FAA2006ABF45 /* RMSettingsView.swift */ = {isa = PBXFileReference; lastKnownFileType = sourcecode.swift; path = RMSettingsView.swift; sourceTree = "<group>"; };
		CE51F9D42BD198A0006ABF45 /* RMLocationView.swift */ = {isa = PBXFileReference; lastKnownFileType = sourcecode.swift; path = RMLocationView.swift; sourceTree = "<group>"; };
		CE51F9D72BD19AF1006ABF45 /* RMLocationViewViewModel.swift */ = {isa = PBXFileReference; lastKnownFileType = sourcecode.swift; path = RMLocationViewViewModel.swift; sourceTree = "<group>"; };
		CE881CBD2BDD74AD00AE7B98 /* RMSearchResultViewModel.swift */ = {isa = PBXFileReference; lastKnownFileType = sourcecode.swift; path = RMSearchResultViewModel.swift; sourceTree = "<group>"; };
		CE8825022BF90FDF00B5C4B7 /* RickAndMorty.entitlements */ = {isa = PBXFileReference; lastKnownFileType = text.plist.entitlements; path = RickAndMorty.entitlements; sourceTree = "<group>"; };
		CE8E69B62BC46732009A6899 /* RMImageLoader.swift */ = {isa = PBXFileReference; lastKnownFileType = sourcecode.swift; path = RMImageLoader.swift; sourceTree = "<group>"; };
		CE8E69BA2BC5C44F009A6899 /* RMCharacterPhotoCollectionViewCell.swift */ = {isa = PBXFileReference; lastKnownFileType = sourcecode.swift; path = RMCharacterPhotoCollectionViewCell.swift; sourceTree = "<group>"; };
		CE8E69BC2BC5C45C009A6899 /* RMCharacterInfoCollectionViewCell.swift */ = {isa = PBXFileReference; lastKnownFileType = sourcecode.swift; path = RMCharacterInfoCollectionViewCell.swift; sourceTree = "<group>"; };
		CE8E69BE2BC5C466009A6899 /* RMCharacterEpisodeCollectionViewCell.swift */ = {isa = PBXFileReference; lastKnownFileType = sourcecode.swift; path = RMCharacterEpisodeCollectionViewCell.swift; sourceTree = "<group>"; };
		CE8E69C12BC5C4A4009A6899 /* RMCharacterPhotoCollectionViewCellViewModel.swift */ = {isa = PBXFileReference; lastKnownFileType = sourcecode.swift; path = RMCharacterPhotoCollectionViewCellViewModel.swift; sourceTree = "<group>"; };
		CE8E69C32BC5C4B0009A6899 /* RMCharacterInfoCollectionViewCellViewModel.swift */ = {isa = PBXFileReference; lastKnownFileType = sourcecode.swift; path = RMCharacterInfoCollectionViewCellViewModel.swift; sourceTree = "<group>"; };
		CE8E69C52BC5C4B9009A6899 /* RMCharacterEpisodeCollectionViewCellViewModel.swift */ = {isa = PBXFileReference; lastKnownFileType = sourcecode.swift; path = RMCharacterEpisodeCollectionViewCellViewModel.swift; sourceTree = "<group>"; };
		CE8EBCFD2BD4EB1500A8354D /* RMSearchView.swift */ = {isa = PBXFileReference; lastKnownFileType = sourcecode.swift; path = RMSearchView.swift; sourceTree = "<group>"; };
		CE8EBD002BD4EBAF00A8354D /* RMSearchViewViewModel.swift */ = {isa = PBXFileReference; lastKnownFileType = sourcecode.swift; path = RMSearchViewViewModel.swift; sourceTree = "<group>"; };
		CE8EBD022BD4ED2800A8354D /* RMNoSearchResultsView.swift */ = {isa = PBXFileReference; lastKnownFileType = sourcecode.swift; path = RMNoSearchResultsView.swift; sourceTree = "<group>"; };
		CE8EBD042BD4ED5000A8354D /* RMNoSearchResultsViewViewModel.swift */ = {isa = PBXFileReference; lastKnownFileType = sourcecode.swift; path = RMNoSearchResultsViewViewModel.swift; sourceTree = "<group>"; };
		CE8EBD062BD4ED8400A8354D /* RMSearchInputView.swift */ = {isa = PBXFileReference; lastKnownFileType = sourcecode.swift; path = RMSearchInputView.swift; sourceTree = "<group>"; };
		CE8EBD082BD4ED9600A8354D /* RMSearchInputViewViewModel.swift */ = {isa = PBXFileReference; lastKnownFileType = sourcecode.swift; path = RMSearchInputViewViewModel.swift; sourceTree = "<group>"; };
		CE8EBD0A2BD50A9200A8354D /* RMSearchOptionPickerViewController.swift */ = {isa = PBXFileReference; lastKnownFileType = sourcecode.swift; path = RMSearchOptionPickerViewController.swift; sourceTree = "<group>"; };
		CE983A012BCC5C2600022D6D /* RMEpisodeInfoCollectionViewCell.swift */ = {isa = PBXFileReference; lastKnownFileType = sourcecode.swift; path = RMEpisodeInfoCollectionViewCell.swift; sourceTree = "<group>"; };
		CE983A042BCC5C7600022D6D /* RMEpisodeInfoCollectionViewCellViewModel.swift */ = {isa = PBXFileReference; lastKnownFileType = sourcecode.swift; path = RMEpisodeInfoCollectionViewCellViewModel.swift; sourceTree = "<group>"; };
		CEAC7EF62BDE284D00049680 /* RMSearchResultsView.swift */ = {isa = PBXFileReference; lastKnownFileType = sourcecode.swift; path = RMSearchResultsView.swift; sourceTree = "<group>"; };
		CEAC7EF82BDE5AA600049680 /* RMTableLoadingFooterView.swift */ = {isa = PBXFileReference; lastKnownFileType = sourcecode.swift; path = RMTableLoadingFooterView.swift; sourceTree = "<group>"; };
		CEBC85802BBBD8D700CE7288 /* RickAndMorty.app */ = {isa = PBXFileReference; explicitFileType = wrapper.application; includeInIndex = 0; path = RickAndMorty.app; sourceTree = BUILT_PRODUCTS_DIR; };
		CEBC85832BBBD8D700CE7288 /* AppDelegate.swift */ = {isa = PBXFileReference; lastKnownFileType = sourcecode.swift; path = AppDelegate.swift; sourceTree = "<group>"; };
		CEBC85852BBBD8D700CE7288 /* SceneDelegate.swift */ = {isa = PBXFileReference; lastKnownFileType = sourcecode.swift; path = SceneDelegate.swift; sourceTree = "<group>"; };
		CEBC85872BBBD8D700CE7288 /* RMTabViewController.swift */ = {isa = PBXFileReference; lastKnownFileType = sourcecode.swift; path = RMTabViewController.swift; sourceTree = "<group>"; };
		CEBC858C2BBBD8D800CE7288 /* Assets.xcassets */ = {isa = PBXFileReference; lastKnownFileType = folder.assetcatalog; path = Assets.xcassets; sourceTree = "<group>"; };
		CEBC858F2BBBD8D800CE7288 /* Base */ = {isa = PBXFileReference; lastKnownFileType = file.storyboard; name = Base; path = Base.lproj/LaunchScreen.storyboard; sourceTree = "<group>"; };
		CEBC85912BBBD8D800CE7288 /* Info.plist */ = {isa = PBXFileReference; lastKnownFileType = text.plist.xml; path = Info.plist; sourceTree = "<group>"; };
		CEBC859E2BBBDC2A00CE7288 /* RMLocation.swift */ = {isa = PBXFileReference; lastKnownFileType = sourcecode.swift; path = RMLocation.swift; sourceTree = "<group>"; };
		CEBC85A02BBBDC5200CE7288 /* RMCharacter.swift */ = {isa = PBXFileReference; lastKnownFileType = sourcecode.swift; path = RMCharacter.swift; sourceTree = "<group>"; };
		CEBC85A22BBBDC5F00CE7288 /* RMEpisode.swift */ = {isa = PBXFileReference; lastKnownFileType = sourcecode.swift; path = RMEpisode.swift; sourceTree = "<group>"; };
		CEBC85A52BBBDCE500CE7288 /* RMCharacterViewController.swift */ = {isa = PBXFileReference; lastKnownFileType = sourcecode.swift; path = RMCharacterViewController.swift; sourceTree = "<group>"; };
		CEBC85A72BBBDCEE00CE7288 /* RMLocationViewController.swift */ = {isa = PBXFileReference; lastKnownFileType = sourcecode.swift; path = RMLocationViewController.swift; sourceTree = "<group>"; };
		CEBC85A92BBBDD0500CE7288 /* RMEpisodeViewController.swift */ = {isa = PBXFileReference; lastKnownFileType = sourcecode.swift; path = RMEpisodeViewController.swift; sourceTree = "<group>"; };
		CEBC85AB2BBBDDBD00CE7288 /* RMSettingsViewController.swift */ = {isa = PBXFileReference; lastKnownFileType = sourcecode.swift; path = RMSettingsViewController.swift; sourceTree = "<group>"; };
		CEBC85AD2BBC624B00CE7288 /* RMService.swift */ = {isa = PBXFileReference; lastKnownFileType = sourcecode.swift; path = RMService.swift; sourceTree = "<group>"; };
		CEBC85AF2BBC626300CE7288 /* RMRequest.swift */ = {isa = PBXFileReference; lastKnownFileType = sourcecode.swift; path = RMRequest.swift; sourceTree = "<group>"; };
		CEBC85B12BBC634E00CE7288 /* RMEndpoint.swift */ = {isa = PBXFileReference; lastKnownFileType = sourcecode.swift; path = RMEndpoint.swift; sourceTree = "<group>"; };
		CEBC85B32BBC69F200CE7288 /* RMOrigin.swift */ = {isa = PBXFileReference; lastKnownFileType = sourcecode.swift; path = RMOrigin.swift; sourceTree = "<group>"; };
		CEBC85B52BBC6A8E00CE7288 /* RMSingleLocation.swift */ = {isa = PBXFileReference; lastKnownFileType = sourcecode.swift; path = RMSingleLocation.swift; sourceTree = "<group>"; };
		CEBC85B72BBC6C4200CE7288 /* RMCharacterStatus.swift */ = {isa = PBXFileReference; lastKnownFileType = sourcecode.swift; path = RMCharacterStatus.swift; sourceTree = "<group>"; };
		CEBC85BA2BBC6C8500CE7288 /* RMCharacterGender.swift */ = {isa = PBXFileReference; lastKnownFileType = sourcecode.swift; path = RMCharacterGender.swift; sourceTree = "<group>"; };
		CEBC85BF2BBC80AA00CE7288 /* RMGetAllCharactersResponse.swift */ = {isa = PBXFileReference; lastKnownFileType = sourcecode.swift; path = RMGetAllCharactersResponse.swift; sourceTree = "<group>"; };
		CEBC85C12BBDC35600CE7288 /* RMCharacterListViewViewModel.swift */ = {isa = PBXFileReference; lastKnownFileType = sourcecode.swift; path = RMCharacterListViewViewModel.swift; sourceTree = "<group>"; };
		CEBC85C32BBDC41000CE7288 /* RMCharacterListView.swift */ = {isa = PBXFileReference; lastKnownFileType = sourcecode.swift; path = RMCharacterListView.swift; sourceTree = "<group>"; };
		CEBC85C52BBDC87900CE7288 /* Extensions.swift */ = {isa = PBXFileReference; lastKnownFileType = sourcecode.swift; path = Extensions.swift; sourceTree = "<group>"; };
		CEE65B732BCAD7A600CF8DB4 /* RMEpisodeDetailViewController.swift */ = {isa = PBXFileReference; lastKnownFileType = sourcecode.swift; path = RMEpisodeDetailViewController.swift; sourceTree = "<group>"; };
		CEE65B752BCB9E0F00CF8DB4 /* RMAPICacheManager.swift */ = {isa = PBXFileReference; lastKnownFileType = sourcecode.swift; path = RMAPICacheManager.swift; sourceTree = "<group>"; };
		CEE65B772BCBA8CE00CF8DB4 /* RMEpisodeDetailViewViewModel.swift */ = {isa = PBXFileReference; lastKnownFileType = sourcecode.swift; path = RMEpisodeDetailViewViewModel.swift; sourceTree = "<group>"; };
		CEE65B792BCBA93600CF8DB4 /* RMEpisodeDetailView.swift */ = {isa = PBXFileReference; lastKnownFileType = sourcecode.swift; path = RMEpisodeDetailView.swift; sourceTree = "<group>"; };
		CEE65B7C2BCBAD9F00CF8DB4 /* RMEpisodeListView.swift */ = {isa = PBXFileReference; lastKnownFileType = sourcecode.swift; path = RMEpisodeListView.swift; sourceTree = "<group>"; };
		CEE65B7E2BCBAFD400CF8DB4 /* RMEpisodeListViewViewModel.swift */ = {isa = PBXFileReference; lastKnownFileType = sourcecode.swift; path = RMEpisodeListViewViewModel.swift; sourceTree = "<group>"; };
		CEE65B802BCBC80900CF8DB4 /* RMGetAllEpisodesResponse.swift */ = {isa = PBXFileReference; lastKnownFileType = sourcecode.swift; path = RMGetAllEpisodesResponse.swift; sourceTree = "<group>"; };
		CEE65B832BCBE19400CF8DB4 /* RMSearchViewController.swift */ = {isa = PBXFileReference; lastKnownFileType = sourcecode.swift; path = RMSearchViewController.swift; sourceTree = "<group>"; };
		CEFA45772BBEF9D000D2F33A /* RMCharacterCollectionViewCell.swift */ = {isa = PBXFileReference; lastKnownFileType = sourcecode.swift; path = RMCharacterCollectionViewCell.swift; sourceTree = "<group>"; };
		CEFA45792BBEFBB100D2F33A /* RMCharacterCollectionViewCellViewModel.swift */ = {isa = PBXFileReference; lastKnownFileType = sourcecode.swift; path = RMCharacterCollectionViewCellViewModel.swift; sourceTree = "<group>"; };
		CEFA457C2BBF21F000D2F33A /* RMCharacterDetailViewController.swift */ = {isa = PBXFileReference; lastKnownFileType = sourcecode.swift; path = RMCharacterDetailViewController.swift; sourceTree = "<group>"; };
		CEFA457E2BBF228300D2F33A /* RMCharacterDetailView.swift */ = {isa = PBXFileReference; lastKnownFileType = sourcecode.swift; path = RMCharacterDetailView.swift; sourceTree = "<group>"; };
		CEFA45802BBF229900D2F33A /* RMCharacterDetailViewViewModel.swift */ = {isa = PBXFileReference; lastKnownFileType = sourcecode.swift; path = RMCharacterDetailViewViewModel.swift; sourceTree = "<group>"; };
		CEFA45822BBF26C200D2F33A /* RMFooterLoadingCollectionReusableView.swift */ = {isa = PBXFileReference; lastKnownFileType = sourcecode.swift; path = RMFooterLoadingCollectionReusableView.swift; sourceTree = "<group>"; };
/* End PBXFileReference section */

/* Begin PBXFrameworksBuildPhase section */
		CEBC857D2BBBD8D700CE7288 /* Frameworks */ = {
			isa = PBXFrameworksBuildPhase;
			buildActionMask = 2147483647;
			files = (
			);
			runOnlyForDeploymentPostprocessing = 0;
		};
/* End PBXFrameworksBuildPhase section */

/* Begin PBXGroup section */
		CE326D392BD3F18B009793EA /* LocationDetails */ = {
			isa = PBXGroup;
			children = (
				CE326D3A2BD3F1A1009793EA /* RMLocationDetailView.swift */,
			);
			path = LocationDetails;
			sourceTree = "<group>";
		};
		CE4F16E72BCE863600571675 /* Settings */ = {
			isa = PBXGroup;
			children = (
				CE4F16E82BCE864D00571675 /* RMSettingsViewViewModel.swift */,
				CE4F16EA2BCE869200571675 /* RMSettingsCellViewModel.swift */,
				CE4F16EC2BCE877000571675 /* RMSettingsOption.swift */,
			);
			path = Settings;
			sourceTree = "<group>";
		};
		CE51F9D02BD0FA84006ABF45 /* SwiftUI */ = {
			isa = PBXGroup;
			children = (
				CE51F9D12BD0FAA2006ABF45 /* RMSettingsView.swift */,
			);
			path = SwiftUI;
			sourceTree = "<group>";
		};
		CE51F9D32BD1988A006ABF45 /* Location */ = {
			isa = PBXGroup;
			children = (
				CE51F9D42BD198A0006ABF45 /* RMLocationView.swift */,
				CE326D332BD3E4A3009793EA /* RMLocationTableViewCell.swift */,
				CEAC7EF82BDE5AA600049680 /* RMTableLoadingFooterView.swift */,
			);
			path = Location;
			sourceTree = "<group>";
		};
		CE51F9D62BD19AE7006ABF45 /* Location */ = {
			isa = PBXGroup;
			children = (
				CE51F9D72BD19AF1006ABF45 /* RMLocationViewViewModel.swift */,
				CE326D352BD3E507009793EA /* RMLocationTableViewCellViewModel.swift */,
				CE326D3C2BD3F253009793EA /* RMLocationDetailViewViewModel.swift */,
			);
			path = Location;
			sourceTree = "<group>";
		};
		CE8C08862BC6E79500F0E4D0 /* Character */ = {
			isa = PBXGroup;
			children = (
				CEBC85C12BBDC35600CE7288 /* RMCharacterListViewViewModel.swift */,
				CEFA45792BBEFBB100D2F33A /* RMCharacterCollectionViewCellViewModel.swift */,
			);
			path = Character;
			sourceTree = "<group>";
		};
		CE8E69B82BC5C3FF009A6899 /* CharacterDetails */ = {
			isa = PBXGroup;
			children = (
				CEFA457E2BBF228300D2F33A /* RMCharacterDetailView.swift */,
				CE8E69BA2BC5C44F009A6899 /* RMCharacterPhotoCollectionViewCell.swift */,
				CE8E69BC2BC5C45C009A6899 /* RMCharacterInfoCollectionViewCell.swift */,
				CE8E69BE2BC5C466009A6899 /* RMCharacterEpisodeCollectionViewCell.swift */,
			);
			path = CharacterDetails;
			sourceTree = "<group>";
		};
		CE8E69B92BC5C41E009A6899 /* Character */ = {
			isa = PBXGroup;
			children = (
				CEBC85C32BBDC41000CE7288 /* RMCharacterListView.swift */,
				CEFA45772BBEF9D000D2F33A /* RMCharacterCollectionViewCell.swift */,
			);
			path = Character;
			sourceTree = "<group>";
		};
		CE8E69C02BC5C481009A6899 /* CharacterDetail */ = {
			isa = PBXGroup;
			children = (
				CEFA45802BBF229900D2F33A /* RMCharacterDetailViewViewModel.swift */,
				CE8E69C12BC5C4A4009A6899 /* RMCharacterPhotoCollectionViewCellViewModel.swift */,
				CE8E69C32BC5C4B0009A6899 /* RMCharacterInfoCollectionViewCellViewModel.swift */,
				CE8E69C52BC5C4B9009A6899 /* RMCharacterEpisodeCollectionViewCellViewModel.swift */,
			);
			path = CharacterDetail;
			sourceTree = "<group>";
		};
		CE8EBCFC2BD4EAFF00A8354D /* Search */ = {
			isa = PBXGroup;
			children = (
				CE8EBCFD2BD4EB1500A8354D /* RMSearchView.swift */,
				CE8EBD022BD4ED2800A8354D /* RMNoSearchResultsView.swift */,
				CE8EBD062BD4ED8400A8354D /* RMSearchInputView.swift */,
				CEAC7EF62BDE284D00049680 /* RMSearchResultsView.swift */,
			);
			path = Search;
			sourceTree = "<group>";
		};
		CE8EBCFF2BD4EBA600A8354D /* Search */ = {
			isa = PBXGroup;
			children = (
				CE8EBD002BD4EBAF00A8354D /* RMSearchViewViewModel.swift */,
				CE8EBD042BD4ED5000A8354D /* RMNoSearchResultsViewViewModel.swift */,
				CE8EBD082BD4ED9600A8354D /* RMSearchInputViewViewModel.swift */,
				CE881CBD2BDD74AD00AE7B98 /* RMSearchResultViewModel.swift */,
			);
			path = Search;
			sourceTree = "<group>";
		};
		CE8EBD0C2BD50C9200A8354D /* Search */ = {
			isa = PBXGroup;
			children = (
				CEE65B832BCBE19400CF8DB4 /* RMSearchViewController.swift */,
				CE8EBD0A2BD50A9200A8354D /* RMSearchOptionPickerViewController.swift */,
			);
			path = Search;
			sourceTree = "<group>";
		};
		CE983A002BCC5BFA00022D6D /* EpisodeDetails */ = {
			isa = PBXGroup;
			children = (
				CE983A012BCC5C2600022D6D /* RMEpisodeInfoCollectionViewCell.swift */,
				CEE65B792BCBA93600CF8DB4 /* RMEpisodeDetailView.swift */,
			);
			path = EpisodeDetails;
			sourceTree = "<group>";
		};
		CE983A032BCC5C5C00022D6D /* EpisodeDetail */ = {
			isa = PBXGroup;
			children = (
				CE983A042BCC5C7600022D6D /* RMEpisodeInfoCollectionViewCellViewModel.swift */,
				CEE65B772BCBA8CE00CF8DB4 /* RMEpisodeDetailViewViewModel.swift */,
			);
			path = EpisodeDetail;
			sourceTree = "<group>";
		};
		CEBC85772BBBD8D700CE7288 = {
			isa = PBXGroup;
			children = (
				CEBC85822BBBD8D700CE7288 /* RickAndMorty */,
				CEBC85812BBBD8D700CE7288 /* Products */,
			);
			sourceTree = "<group>";
		};
		CEBC85812BBBD8D700CE7288 /* Products */ = {
			isa = PBXGroup;
			children = (
				CEBC85802BBBD8D700CE7288 /* RickAndMorty.app */,
			);
			name = Products;
			sourceTree = "<group>";
		};
		CEBC85822BBBD8D700CE7288 /* RickAndMorty */ = {
			isa = PBXGroup;
			children = (
				CE8825022BF90FDF00B5C4B7 /* RickAndMorty.entitlements */,
				CEBC859D2BBBDB7100CE7288 /* Resources */,
				CEBC859C2BBBDB6700CE7288 /* Managers */,
				CEBC859B2BBBDB4D00CE7288 /* APIClient */,
				CEBC859A2BBBDB4400CE7288 /* ViewModels */,
				CEBC85992BBBDB4000CE7288 /* Views */,
				CEBC85982BBBDB3500CE7288 /* Models */,
				CEBC85972BBBDB2A00CE7288 /* Controllers */,
				CEBC85912BBBD8D800CE7288 /* Info.plist */,
			);
			path = RickAndMorty;
			sourceTree = "<group>";
		};
		CEBC85972BBBDB2A00CE7288 /* Controllers */ = {
			isa = PBXGroup;
			children = (
				CEFA457B2BBF21D500D2F33A /* Other */,
				CEBC85A42BBBDCC100CE7288 /* Core */,
			);
			path = Controllers;
			sourceTree = "<group>";
		};
		CEBC85982BBBDB3500CE7288 /* Models */ = {
			isa = PBXGroup;
			children = (
				CEBC85BE2BBC805400CE7288 /* APIResponseTypes */,
				CEBC85BD2BBC803700CE7288 /* DataTypes */,
			);
			path = Models;
			sourceTree = "<group>";
		};
		CEBC85992BBBDB4000CE7288 /* Views */ = {
			isa = PBXGroup;
			children = (
				CE8EBCFC2BD4EAFF00A8354D /* Search */,
				CE326D392BD3F18B009793EA /* LocationDetails */,
				CE51F9D32BD1988A006ABF45 /* Location */,
				CE51F9D02BD0FA84006ABF45 /* SwiftUI */,
				CE983A002BCC5BFA00022D6D /* EpisodeDetails */,
				CEE65B7B2BCBAD8C00CF8DB4 /* Episode */,
				CE8E69B82BC5C3FF009A6899 /* CharacterDetails */,
				CE8E69B92BC5C41E009A6899 /* Character */,
				CEFA45822BBF26C200D2F33A /* RMFooterLoadingCollectionReusableView.swift */,
			);
			path = Views;
			sourceTree = "<group>";
		};
		CEBC859A2BBBDB4400CE7288 /* ViewModels */ = {
			isa = PBXGroup;
			children = (
				CE8EBCFF2BD4EBA600A8354D /* Search */,
				CE51F9D62BD19AE7006ABF45 /* Location */,
				CE4F16E72BCE863600571675 /* Settings */,
				CE983A032BCC5C5C00022D6D /* EpisodeDetail */,
				CEE65B822BCBCBD600CF8DB4 /* Episode */,
				CE8E69C02BC5C481009A6899 /* CharacterDetail */,
				CE8C08862BC6E79500F0E4D0 /* Character */,
			);
			path = ViewModels;
			sourceTree = "<group>";
		};
		CEBC859B2BBBDB4D00CE7288 /* APIClient */ = {
			isa = PBXGroup;
			children = (
				CEBC85AD2BBC624B00CE7288 /* RMService.swift */,
				CEBC85AF2BBC626300CE7288 /* RMRequest.swift */,
				CEBC85B12BBC634E00CE7288 /* RMEndpoint.swift */,
			);
			path = APIClient;
			sourceTree = "<group>";
		};
		CEBC859C2BBBDB6700CE7288 /* Managers */ = {
			isa = PBXGroup;
			children = (
				CE8E69B62BC46732009A6899 /* RMImageLoader.swift */,
				CEE65B752BCB9E0F00CF8DB4 /* RMAPICacheManager.swift */,
			);
			path = Managers;
			sourceTree = "<group>";
		};
		CEBC859D2BBBDB7100CE7288 /* Resources */ = {
			isa = PBXGroup;
			children = (
				CEBC858C2BBBD8D800CE7288 /* Assets.xcassets */,
				CEBC858E2BBBD8D800CE7288 /* LaunchScreen.storyboard */,
				CEBC85832BBBD8D700CE7288 /* AppDelegate.swift */,
				CEBC85852BBBD8D700CE7288 /* SceneDelegate.swift */,
				CEBC85C52BBDC87900CE7288 /* Extensions.swift */,
			);
			path = Resources;
			sourceTree = "<group>";
		};
		CEBC85A42BBBDCC100CE7288 /* Core */ = {
			isa = PBXGroup;
			children = (
				CEBC85872BBBD8D700CE7288 /* RMTabViewController.swift */,
				CEBC85A52BBBDCE500CE7288 /* RMCharacterViewController.swift */,
				CEBC85A72BBBDCEE00CE7288 /* RMLocationViewController.swift */,
				CEBC85A92BBBDD0500CE7288 /* RMEpisodeViewController.swift */,
				CEBC85AB2BBBDDBD00CE7288 /* RMSettingsViewController.swift */,
			);
			path = Core;
			sourceTree = "<group>";
		};
		CEBC85BC2BBC6C9800CE7288 /* Enum */ = {
			isa = PBXGroup;
			children = (
				CEBC85B72BBC6C4200CE7288 /* RMCharacterStatus.swift */,
				CEBC85BA2BBC6C8500CE7288 /* RMCharacterGender.swift */,
			);
			path = Enum;
			sourceTree = "<group>";
		};
		CEBC85BD2BBC803700CE7288 /* DataTypes */ = {
			isa = PBXGroup;
			children = (
				CEBC859E2BBBDC2A00CE7288 /* RMLocation.swift */,
				CEBC85A22BBBDC5F00CE7288 /* RMEpisode.swift */,
				CEBC85A02BBBDC5200CE7288 /* RMCharacter.swift */,
				CEBC85B32BBC69F200CE7288 /* RMOrigin.swift */,
				CEBC85B52BBC6A8E00CE7288 /* RMSingleLocation.swift */,
				CEBC85BC2BBC6C9800CE7288 /* Enum */,
			);
			path = DataTypes;
			sourceTree = "<group>";
		};
		CEBC85BE2BBC805400CE7288 /* APIResponseTypes */ = {
			isa = PBXGroup;
			children = (
				CEBC85BF2BBC80AA00CE7288 /* RMGetAllCharactersResponse.swift */,
				CEE65B802BCBC80900CF8DB4 /* RMGetAllEpisodesResponse.swift */,
				CE326D312BD3E248009793EA /* RMGetLocationsResponse.swift */,
			);
			path = APIResponseTypes;
			sourceTree = "<group>";
		};
		CEE65B7B2BCBAD8C00CF8DB4 /* Episode */ = {
			isa = PBXGroup;
			children = (
				CEE65B7C2BCBAD9F00CF8DB4 /* RMEpisodeListView.swift */,
			);
			path = Episode;
			sourceTree = "<group>";
		};
		CEE65B822BCBCBD600CF8DB4 /* Episode */ = {
			isa = PBXGroup;
			children = (
				CEE65B7E2BCBAFD400CF8DB4 /* RMEpisodeListViewViewModel.swift */,
			);
			path = Episode;
			sourceTree = "<group>";
		};
		CEFA457B2BBF21D500D2F33A /* Other */ = {
			isa = PBXGroup;
			children = (
				CE8EBD0C2BD50C9200A8354D /* Search */,
				CEFA457C2BBF21F000D2F33A /* RMCharacterDetailViewController.swift */,
				CEE65B732BCAD7A600CF8DB4 /* RMEpisodeDetailViewController.swift */,
				CE326D372BD3EFEC009793EA /* RMLocationDetailViewController.swift */,
			);
			path = Other;
			sourceTree = "<group>";
		};
/* End PBXGroup section */

/* Begin PBXNativeTarget section */
		CEBC857F2BBBD8D700CE7288 /* RickAndMorty */ = {
			isa = PBXNativeTarget;
			buildConfigurationList = CEBC85942BBBD8D800CE7288 /* Build configuration list for PBXNativeTarget "RickAndMorty" */;
			buildPhases = (
				CEBC857C2BBBD8D700CE7288 /* Sources */,
				CEBC857D2BBBD8D700CE7288 /* Frameworks */,
				CEBC857E2BBBD8D700CE7288 /* Resources */,
			);
			buildRules = (
			);
			dependencies = (
			);
			name = RickAndMorty;
			productName = RickAndMorty;
			productReference = CEBC85802BBBD8D700CE7288 /* RickAndMorty.app */;
			productType = "com.apple.product-type.application";
		};
/* End PBXNativeTarget section */

/* Begin PBXProject section */
		CEBC85782BBBD8D700CE7288 /* Project object */ = {
			isa = PBXProject;
			attributes = {
				BuildIndependentTargetsInParallel = 1;
				LastSwiftUpdateCheck = 1530;
				LastUpgradeCheck = 1530;
				TargetAttributes = {
					CEBC857F2BBBD8D700CE7288 = {
						CreatedOnToolsVersion = 15.3;
					};
				};
			};
			buildConfigurationList = CEBC857B2BBBD8D700CE7288 /* Build configuration list for PBXProject "RickAndMorty" */;
			compatibilityVersion = "Xcode 14.0";
			developmentRegion = en;
			hasScannedForEncodings = 0;
			knownRegions = (
				en,
				Base,
			);
			mainGroup = CEBC85772BBBD8D700CE7288;
			productRefGroup = CEBC85812BBBD8D700CE7288 /* Products */;
			projectDirPath = "";
			projectRoot = "";
			targets = (
				CEBC857F2BBBD8D700CE7288 /* RickAndMorty */,
			);
		};
/* End PBXProject section */

/* Begin PBXResourcesBuildPhase section */
		CEBC857E2BBBD8D700CE7288 /* Resources */ = {
			isa = PBXResourcesBuildPhase;
			buildActionMask = 2147483647;
			files = (
				CEBC858D2BBBD8D800CE7288 /* Assets.xcassets in Resources */,
				CEBC85902BBBD8D800CE7288 /* Base in Resources */,
			);
			runOnlyForDeploymentPostprocessing = 0;
		};
/* End PBXResourcesBuildPhase section */

/* Begin PBXSourcesBuildPhase section */
		CEBC857C2BBBD8D700CE7288 /* Sources */ = {
			isa = PBXSourcesBuildPhase;
			buildActionMask = 2147483647;
			files = (
				CEBC85B42BBC69F200CE7288 /* RMOrigin.swift in Sources */,
				CEFA45812BBF229900D2F33A /* RMCharacterDetailViewViewModel.swift in Sources */,
				CEBC85B62BBC6A8E00CE7288 /* RMSingleLocation.swift in Sources */,
				CEE65B842BCBE19400CF8DB4 /* RMSearchViewController.swift in Sources */,
				CE8EBD012BD4EBAF00A8354D /* RMSearchViewViewModel.swift in Sources */,
				CEBC85C02BBC80AA00CE7288 /* RMGetAllCharactersResponse.swift in Sources */,
				CE8EBD052BD4ED5000A8354D /* RMNoSearchResultsViewViewModel.swift in Sources */,
				CEBC85B82BBC6C4200CE7288 /* RMCharacterStatus.swift in Sources */,
				CEBC85BB2BBC6C8500CE7288 /* RMCharacterGender.swift in Sources */,
				CEAC7EF72BDE284D00049680 /* RMSearchResultsView.swift in Sources */,
				CEBC85A82BBBDCEE00CE7288 /* RMLocationViewController.swift in Sources */,
				CE326D3D2BD3F253009793EA /* RMLocationDetailViewViewModel.swift in Sources */,
				CEFA457D2BBF21F000D2F33A /* RMCharacterDetailViewController.swift in Sources */,
				CE8EBD032BD4ED2800A8354D /* RMNoSearchResultsView.swift in Sources */,
				CEFA45832BBF26C200D2F33A /* RMFooterLoadingCollectionReusableView.swift in Sources */,
				CEE65B7D2BCBAD9F00CF8DB4 /* RMEpisodeListView.swift in Sources */,
				CEAC7EF92BDE5AA600049680 /* RMTableLoadingFooterView.swift in Sources */,
				CEBC85A32BBBDC5F00CE7288 /* RMEpisode.swift in Sources */,
				CEBC85882BBBD8D700CE7288 /* RMTabViewController.swift in Sources */,
				CE326D322BD3E248009793EA /* RMGetLocationsResponse.swift in Sources */,
				CE8E69BD2BC5C45C009A6899 /* RMCharacterInfoCollectionViewCell.swift in Sources */,
				CE326D342BD3E4A3009793EA /* RMLocationTableViewCell.swift in Sources */,
				CE4F16E92BCE864D00571675 /* RMSettingsViewViewModel.swift in Sources */,
				CEBC85AA2BBBDD0500CE7288 /* RMEpisodeViewController.swift in Sources */,
				CEFA45782BBEF9D000D2F33A /* RMCharacterCollectionViewCell.swift in Sources */,
				CE8E69C42BC5C4B0009A6899 /* RMCharacterInfoCollectionViewCellViewModel.swift in Sources */,
				CE8EBD092BD4ED9600A8354D /* RMSearchInputViewViewModel.swift in Sources */,
				CE4F16ED2BCE877000571675 /* RMSettingsOption.swift in Sources */,
				CEBC85C22BBDC35600CE7288 /* RMCharacterListViewViewModel.swift in Sources */,
				CE8E69B72BC46732009A6899 /* RMImageLoader.swift in Sources */,
				CE326D382BD3EFEC009793EA /* RMLocationDetailViewController.swift in Sources */,
				CEBC85842BBBD8D700CE7288 /* AppDelegate.swift in Sources */,
				CEBC85862BBBD8D700CE7288 /* SceneDelegate.swift in Sources */,
				CE8E69BB2BC5C44F009A6899 /* RMCharacterPhotoCollectionViewCell.swift in Sources */,
				CE8E69C62BC5C4B9009A6899 /* RMCharacterEpisodeCollectionViewCellViewModel.swift in Sources */,
				CEBC85AC2BBBDDBD00CE7288 /* RMSettingsViewController.swift in Sources */,
				CE51F9D22BD0FAA2006ABF45 /* RMSettingsView.swift in Sources */,
				CE8EBCFE2BD4EB1500A8354D /* RMSearchView.swift in Sources */,
				CEBC85C62BBDC87900CE7288 /* Extensions.swift in Sources */,
				CE8E69C22BC5C4A4009A6899 /* RMCharacterPhotoCollectionViewCellViewModel.swift in Sources */,
				CE8EBD072BD4ED8400A8354D /* RMSearchInputView.swift in Sources */,
				CEBC85AE2BBC624B00CE7288 /* RMService.swift in Sources */,
				CEBC859F2BBBDC2A00CE7288 /* RMLocation.swift in Sources */,
				CE4F16EB2BCE869200571675 /* RMSettingsCellViewModel.swift in Sources */,
				CEBC85C42BBDC41000CE7288 /* RMCharacterListView.swift in Sources */,
				CEE65B742BCAD7A600CF8DB4 /* RMEpisodeDetailViewController.swift in Sources */,
				CEE65B7A2BCBA93600CF8DB4 /* RMEpisodeDetailView.swift in Sources */,
				CE326D3B2BD3F1A1009793EA /* RMLocationDetailView.swift in Sources */,
				CE8EBD0B2BD50A9200A8354D /* RMSearchOptionPickerViewController.swift in Sources */,
				CE326D362BD3E507009793EA /* RMLocationTableViewCellViewModel.swift in Sources */,
				CEBC85B22BBC634E00CE7288 /* RMEndpoint.swift in Sources */,
				CEFA457A2BBEFBB100D2F33A /* RMCharacterCollectionViewCellViewModel.swift in Sources */,
				CEBC85A12BBBDC5200CE7288 /* RMCharacter.swift in Sources */,
				CEBC85B02BBC626300CE7288 /* RMRequest.swift in Sources */,
				CE8E69BF2BC5C466009A6899 /* RMCharacterEpisodeCollectionViewCell.swift in Sources */,
				CEBC85A62BBBDCE500CE7288 /* RMCharacterViewController.swift in Sources */,
				CE51F9D52BD198A0006ABF45 /* RMLocationView.swift in Sources */,
				CEE65B7F2BCBAFD400CF8DB4 /* RMEpisodeListViewViewModel.swift in Sources */,
				CE881CBE2BDD74AD00AE7B98 /* RMSearchResultViewModel.swift in Sources */,
				CEE65B762BCB9E0F00CF8DB4 /* RMAPICacheManager.swift in Sources */,
				CEE65B812BCBC80900CF8DB4 /* RMGetAllEpisodesResponse.swift in Sources */,
				CE983A052BCC5C7600022D6D /* RMEpisodeInfoCollectionViewCellViewModel.swift in Sources */,
				CE983A022BCC5C2600022D6D /* RMEpisodeInfoCollectionViewCell.swift in Sources */,
				CEE65B782BCBA8CE00CF8DB4 /* RMEpisodeDetailViewViewModel.swift in Sources */,
				CEFA457F2BBF228300D2F33A /* RMCharacterDetailView.swift in Sources */,
				CE51F9D82BD19AF1006ABF45 /* RMLocationViewViewModel.swift in Sources */,
			);
			runOnlyForDeploymentPostprocessing = 0;
		};
/* End PBXSourcesBuildPhase section */

/* Begin PBXVariantGroup section */
		CEBC858E2BBBD8D800CE7288 /* LaunchScreen.storyboard */ = {
			isa = PBXVariantGroup;
			children = (
				CEBC858F2BBBD8D800CE7288 /* Base */,
			);
			name = LaunchScreen.storyboard;
			sourceTree = "<group>";
		};
/* End PBXVariantGroup section */

/* Begin XCBuildConfiguration section */
		CEBC85922BBBD8D800CE7288 /* Debug */ = {
			isa = XCBuildConfiguration;
			buildSettings = {
				ALWAYS_SEARCH_USER_PATHS = NO;
				ASSETCATALOG_COMPILER_GENERATE_SWIFT_ASSET_SYMBOL_EXTENSIONS = YES;
				CLANG_ANALYZER_NONNULL = YES;
				CLANG_ANALYZER_NUMBER_OBJECT_CONVERSION = YES_AGGRESSIVE;
				CLANG_CXX_LANGUAGE_STANDARD = "gnu++20";
				CLANG_ENABLE_MODULES = YES;
				CLANG_ENABLE_OBJC_ARC = YES;
				CLANG_ENABLE_OBJC_WEAK = YES;
				CLANG_WARN_BLOCK_CAPTURE_AUTORELEASING = YES;
				CLANG_WARN_BOOL_CONVERSION = YES;
				CLANG_WARN_COMMA = YES;
				CLANG_WARN_CONSTANT_CONVERSION = YES;
				CLANG_WARN_DEPRECATED_OBJC_IMPLEMENTATIONS = YES;
				CLANG_WARN_DIRECT_OBJC_ISA_USAGE = YES_ERROR;
				CLANG_WARN_DOCUMENTATION_COMMENTS = YES;
				CLANG_WARN_EMPTY_BODY = YES;
				CLANG_WARN_ENUM_CONVERSION = YES;
				CLANG_WARN_INFINITE_RECURSION = YES;
				CLANG_WARN_INT_CONVERSION = YES;
				CLANG_WARN_NON_LITERAL_NULL_CONVERSION = YES;
				CLANG_WARN_OBJC_IMPLICIT_RETAIN_SELF = YES;
				CLANG_WARN_OBJC_LITERAL_CONVERSION = YES;
				CLANG_WARN_OBJC_ROOT_CLASS = YES_ERROR;
				CLANG_WARN_QUOTED_INCLUDE_IN_FRAMEWORK_HEADER = YES;
				CLANG_WARN_RANGE_LOOP_ANALYSIS = YES;
				CLANG_WARN_STRICT_PROTOTYPES = YES;
				CLANG_WARN_SUSPICIOUS_MOVE = YES;
				CLANG_WARN_UNGUARDED_AVAILABILITY = YES_AGGRESSIVE;
				CLANG_WARN_UNREACHABLE_CODE = YES;
				CLANG_WARN__DUPLICATE_METHOD_MATCH = YES;
				COPY_PHASE_STRIP = NO;
				DEBUG_INFORMATION_FORMAT = dwarf;
				ENABLE_STRICT_OBJC_MSGSEND = YES;
				ENABLE_TESTABILITY = YES;
				ENABLE_USER_SCRIPT_SANDBOXING = YES;
				GCC_C_LANGUAGE_STANDARD = gnu17;
				GCC_DYNAMIC_NO_PIC = NO;
				GCC_NO_COMMON_BLOCKS = YES;
				GCC_OPTIMIZATION_LEVEL = 0;
				GCC_PREPROCESSOR_DEFINITIONS = (
					"DEBUG=1",
					"$(inherited)",
				);
				GCC_WARN_64_TO_32_BIT_CONVERSION = YES;
				GCC_WARN_ABOUT_RETURN_TYPE = YES_ERROR;
				GCC_WARN_UNDECLARED_SELECTOR = YES;
				GCC_WARN_UNINITIALIZED_AUTOS = YES_AGGRESSIVE;
				GCC_WARN_UNUSED_FUNCTION = YES;
				GCC_WARN_UNUSED_VARIABLE = YES;
				IPHONEOS_DEPLOYMENT_TARGET = 17.4;
				LOCALIZATION_PREFERS_STRING_CATALOGS = YES;
				MACOSX_DEPLOYMENT_TARGET = 14.3.1;
				MTL_ENABLE_DEBUG_INFO = INCLUDE_SOURCE;
				MTL_FAST_MATH = YES;
				ONLY_ACTIVE_ARCH = YES;
				SDKROOT = iphoneos;
				SWIFT_ACTIVE_COMPILATION_CONDITIONS = "DEBUG $(inherited)";
				SWIFT_OPTIMIZATION_LEVEL = "-Onone";
			};
			name = Debug;
		};
		CEBC85932BBBD8D800CE7288 /* Release */ = {
			isa = XCBuildConfiguration;
			buildSettings = {
				ALWAYS_SEARCH_USER_PATHS = NO;
				ASSETCATALOG_COMPILER_GENERATE_SWIFT_ASSET_SYMBOL_EXTENSIONS = YES;
				CLANG_ANALYZER_NONNULL = YES;
				CLANG_ANALYZER_NUMBER_OBJECT_CONVERSION = YES_AGGRESSIVE;
				CLANG_CXX_LANGUAGE_STANDARD = "gnu++20";
				CLANG_ENABLE_MODULES = YES;
				CLANG_ENABLE_OBJC_ARC = YES;
				CLANG_ENABLE_OBJC_WEAK = YES;
				CLANG_WARN_BLOCK_CAPTURE_AUTORELEASING = YES;
				CLANG_WARN_BOOL_CONVERSION = YES;
				CLANG_WARN_COMMA = YES;
				CLANG_WARN_CONSTANT_CONVERSION = YES;
				CLANG_WARN_DEPRECATED_OBJC_IMPLEMENTATIONS = YES;
				CLANG_WARN_DIRECT_OBJC_ISA_USAGE = YES_ERROR;
				CLANG_WARN_DOCUMENTATION_COMMENTS = YES;
				CLANG_WARN_EMPTY_BODY = YES;
				CLANG_WARN_ENUM_CONVERSION = YES;
				CLANG_WARN_INFINITE_RECURSION = YES;
				CLANG_WARN_INT_CONVERSION = YES;
				CLANG_WARN_NON_LITERAL_NULL_CONVERSION = YES;
				CLANG_WARN_OBJC_IMPLICIT_RETAIN_SELF = YES;
				CLANG_WARN_OBJC_LITERAL_CONVERSION = YES;
				CLANG_WARN_OBJC_ROOT_CLASS = YES_ERROR;
				CLANG_WARN_QUOTED_INCLUDE_IN_FRAMEWORK_HEADER = YES;
				CLANG_WARN_RANGE_LOOP_ANALYSIS = YES;
				CLANG_WARN_STRICT_PROTOTYPES = YES;
				CLANG_WARN_SUSPICIOUS_MOVE = YES;
				CLANG_WARN_UNGUARDED_AVAILABILITY = YES_AGGRESSIVE;
				CLANG_WARN_UNREACHABLE_CODE = YES;
				CLANG_WARN__DUPLICATE_METHOD_MATCH = YES;
				COPY_PHASE_STRIP = NO;
				DEBUG_INFORMATION_FORMAT = "dwarf-with-dsym";
				ENABLE_NS_ASSERTIONS = NO;
				ENABLE_STRICT_OBJC_MSGSEND = YES;
				ENABLE_USER_SCRIPT_SANDBOXING = YES;
				GCC_C_LANGUAGE_STANDARD = gnu17;
				GCC_NO_COMMON_BLOCKS = YES;
				GCC_WARN_64_TO_32_BIT_CONVERSION = YES;
				GCC_WARN_ABOUT_RETURN_TYPE = YES_ERROR;
				GCC_WARN_UNDECLARED_SELECTOR = YES;
				GCC_WARN_UNINITIALIZED_AUTOS = YES_AGGRESSIVE;
				GCC_WARN_UNUSED_FUNCTION = YES;
				GCC_WARN_UNUSED_VARIABLE = YES;
				IPHONEOS_DEPLOYMENT_TARGET = 17.4;
				LOCALIZATION_PREFERS_STRING_CATALOGS = YES;
				MACOSX_DEPLOYMENT_TARGET = 14.3.1;
				MTL_ENABLE_DEBUG_INFO = NO;
				MTL_FAST_MATH = YES;
				SDKROOT = iphoneos;
				SWIFT_COMPILATION_MODE = wholemodule;
				VALIDATE_PRODUCT = YES;
			};
			name = Release;
		};
		CEBC85952BBBD8D800CE7288 /* Debug */ = {
			isa = XCBuildConfiguration;
			buildSettings = {
				ASSETCATALOG_COMPILER_APPICON_NAME = AppIcon;
				ASSETCATALOG_COMPILER_GLOBAL_ACCENT_COLOR_NAME = AccentColor;
				CODE_SIGN_ENTITLEMENTS = RickAndMorty/RickAndMorty.entitlements;
				"CODE_SIGN_IDENTITY[sdk=macosx*]" = "-";
				CODE_SIGN_STYLE = Automatic;
				CURRENT_PROJECT_VERSION = 1;
				GENERATE_INFOPLIST_FILE = YES;
				INFOPLIST_FILE = RickAndMorty/Info.plist;
				INFOPLIST_KEY_CFBundleDisplayName = "Rick & Morty";
				INFOPLIST_KEY_LSApplicationCategoryType = "public.app-category.education";
				INFOPLIST_KEY_UIApplicationSupportsIndirectInputEvents = YES;
				INFOPLIST_KEY_UILaunchStoryboardName = LaunchScreen;
				INFOPLIST_KEY_UISupportedInterfaceOrientations_iPad = "UIInterfaceOrientationPortrait UIInterfaceOrientationPortraitUpsideDown UIInterfaceOrientationLandscapeLeft UIInterfaceOrientationLandscapeRight";
				INFOPLIST_KEY_UISupportedInterfaceOrientations_iPhone = "UIInterfaceOrientationPortrait UIInterfaceOrientationLandscapeLeft UIInterfaceOrientationLandscapeRight";
				IPHONEOS_DEPLOYMENT_TARGET = 16.6;
				LD_RUNPATH_SEARCH_PATHS = (
					"$(inherited)",
					"@executable_path/Frameworks",
				);
				MARKETING_VERSION = 1.0;
				PRODUCT_BUNDLE_IDENTIFIER = com.lynnguyen.RickAndMorty;
				PRODUCT_NAME = "$(TARGET_NAME)";
				SUPPORTED_PLATFORMS = "iphoneos iphonesimulator";
				SUPPORTS_MACCATALYST = YES;
				SUPPORTS_MAC_DESIGNED_FOR_IPHONE_IPAD = YES;
				SWIFT_EMIT_LOC_STRINGS = YES;
				SWIFT_VERSION = 5.0;
				TARGETED_DEVICE_FAMILY = "1,2";
			};
			name = Debug;
		};
		CEBC85962BBBD8D800CE7288 /* Release */ = {
			isa = XCBuildConfiguration;
			buildSettings = {
				ASSETCATALOG_COMPILER_APPICON_NAME = AppIcon;
				ASSETCATALOG_COMPILER_GLOBAL_ACCENT_COLOR_NAME = AccentColor;
				CODE_SIGN_ENTITLEMENTS = RickAndMorty/RickAndMorty.entitlements;
				"CODE_SIGN_IDENTITY[sdk=macosx*]" = "-";
				CODE_SIGN_STYLE = Automatic;
				CURRENT_PROJECT_VERSION = 1;
				GENERATE_INFOPLIST_FILE = YES;
				INFOPLIST_FILE = RickAndMorty/Info.plist;
				INFOPLIST_KEY_CFBundleDisplayName = "Rick & Morty";
				INFOPLIST_KEY_LSApplicationCategoryType = "public.app-category.education";
				INFOPLIST_KEY_UIApplicationSupportsIndirectInputEvents = YES;
				INFOPLIST_KEY_UILaunchStoryboardName = LaunchScreen;
				INFOPLIST_KEY_UISupportedInterfaceOrientations_iPad = "UIInterfaceOrientationPortrait UIInterfaceOrientationPortraitUpsideDown UIInterfaceOrientationLandscapeLeft UIInterfaceOrientationLandscapeRight";
				INFOPLIST_KEY_UISupportedInterfaceOrientations_iPhone = "UIInterfaceOrientationPortrait UIInterfaceOrientationLandscapeLeft UIInterfaceOrientationLandscapeRight";
				IPHONEOS_DEPLOYMENT_TARGET = 16.6;
				LD_RUNPATH_SEARCH_PATHS = (
					"$(inherited)",
					"@executable_path/Frameworks",
				);
				MARKETING_VERSION = 1.0;
				PRODUCT_BUNDLE_IDENTIFIER = com.lynnguyen.RickAndMorty;
				PRODUCT_NAME = "$(TARGET_NAME)";
				SUPPORTED_PLATFORMS = "iphoneos iphonesimulator";
				SUPPORTS_MACCATALYST = YES;
				SUPPORTS_MAC_DESIGNED_FOR_IPHONE_IPAD = YES;
				SWIFT_EMIT_LOC_STRINGS = YES;
				SWIFT_VERSION = 5.0;
				TARGETED_DEVICE_FAMILY = "1,2";
			};
			name = Release;
		};
/* End XCBuildConfiguration section */

/* Begin XCConfigurationList section */
		CEBC857B2BBBD8D700CE7288 /* Build configuration list for PBXProject "RickAndMorty" */ = {
			isa = XCConfigurationList;
			buildConfigurations = (
				CEBC85922BBBD8D800CE7288 /* Debug */,
				CEBC85932BBBD8D800CE7288 /* Release */,
			);
			defaultConfigurationIsVisible = 0;
			defaultConfigurationName = Release;
		};
		CEBC85942BBBD8D800CE7288 /* Build configuration list for PBXNativeTarget "RickAndMorty" */ = {
			isa = XCConfigurationList;
			buildConfigurations = (
				CEBC85952BBBD8D800CE7288 /* Debug */,
				CEBC85962BBBD8D800CE7288 /* Release */,
			);
			defaultConfigurationIsVisible = 0;
			defaultConfigurationName = Release;
		};
/* End XCConfigurationList section */
	};
	rootObject = CEBC85782BBBD8D700CE7288 /* Project object */;
}
